
Microsoft Visual Studio Solution File, Format Version 12.00
# Visual Studio 14
VisualStudioVersion = 14.0.25420.1
MinimumVisualStudioVersion = 10.0.40219.1
Project("{FAE04EC0-301F-11D3-BF4B-00C04F79EFBC}") = "BudgetAnalyser.Engine", "BudgetAnalyser.Engine\BudgetAnalyser.Engine.csproj", "{22E5FB3E-3044-4BDA-88FF-619F83EC4E99}"
EndProject
Project("{FAE04EC0-301F-11D3-BF4B-00C04F79EFBC}") = "BudgetAnalyser.Engine.UnitTest", "BudgetAnalyser.Engine.UnitTest\BudgetAnalyser.Engine.UnitTest.csproj", "{C5D0A350-D275-4E72-B17A-559801232B86}"
EndProject
Project("{FAE04EC0-301F-11D3-BF4B-00C04F79EFBC}") = "BudgetAnalyser.Uwp", "BudgetAnalyser.Uwp\BudgetAnalyser.Uwp.csproj", "{FC029FF7-868F-410C-8048-AA1BC9B36D62}"
EndProject
Project("{FAE04EC0-301F-11D3-BF4B-00C04F79EFBC}") = "MapperGeneration", "MapperGeneration\MapperGeneration.csproj", "{7FA4712A-2EEC-4441-BEDC-33F6DEF5E67E}"
EndProject
Project("{FAE04EC0-301F-11D3-BF4B-00C04F79EFBC}") = "BudgetAnalyser.Wpf", "BudgetAnalyser\BudgetAnalyser.Wpf.csproj", "{3F2F3BC6-153D-4FD5-B819-6C456BE2DC25}"
EndProject
Project("{FAE04EC0-301F-11D3-BF4B-00C04F79EFBC}") = "BudgetAnalyser.Wpf.UnitTest", "BudgetAnalyser.Wpf.UnitTest\BudgetAnalyser.Wpf.UnitTest.csproj", "{F6BEE529-FA66-4BCD-938B-49677225AFF9}"
EndProject
Project("{FAE04EC0-301F-11D3-BF4B-00C04F79EFBC}") = "BudgetAnalyser.Encryption", "BudgetAnalyser.Storage\BudgetAnalyser.Encryption.csproj", "{17CFB549-81C7-4527-9F3E-5694D2B5B3FA}"
EndProject
Global
	GlobalSection(SolutionConfigurationPlatforms) = preSolution
		Ad-Hoc|Any CPU = Ad-Hoc|Any CPU
		Ad-Hoc|ARM = Ad-Hoc|ARM
		Ad-Hoc|iPhone = Ad-Hoc|iPhone
		Ad-Hoc|iPhoneSimulator = Ad-Hoc|iPhoneSimulator
		Ad-Hoc|x64 = Ad-Hoc|x64
		Ad-Hoc|x86 = Ad-Hoc|x86
		AppStore|Any CPU = AppStore|Any CPU
		AppStore|ARM = AppStore|ARM
		AppStore|iPhone = AppStore|iPhone
		AppStore|iPhoneSimulator = AppStore|iPhoneSimulator
		AppStore|x64 = AppStore|x64
		AppStore|x86 = AppStore|x86
		Debug|Any CPU = Debug|Any CPU
		Debug|ARM = Debug|ARM
		Debug|iPhone = Debug|iPhone
		Debug|iPhoneSimulator = Debug|iPhoneSimulator
		Debug|x64 = Debug|x64
		Debug|x86 = Debug|x86
		Release|Any CPU = Release|Any CPU
		Release|ARM = Release|ARM
		Release|iPhone = Release|iPhone
		Release|iPhoneSimulator = Release|iPhoneSimulator
		Release|x64 = Release|x64
		Release|x86 = Release|x86
	EndGlobalSection
	GlobalSection(ProjectConfigurationPlatforms) = postSolution
		{22E5FB3E-3044-4BDA-88FF-619F83EC4E99}.Ad-Hoc|Any CPU.ActiveCfg = Release|Any CPU
		{22E5FB3E-3044-4BDA-88FF-619F83EC4E99}.Ad-Hoc|Any CPU.Build.0 = Release|Any CPU
		{22E5FB3E-3044-4BDA-88FF-619F83EC4E99}.Ad-Hoc|ARM.ActiveCfg = Release|Any CPU
		{22E5FB3E-3044-4BDA-88FF-619F83EC4E99}.Ad-Hoc|ARM.Build.0 = Release|Any CPU
		{22E5FB3E-3044-4BDA-88FF-619F83EC4E99}.Ad-Hoc|iPhone.ActiveCfg = Release|Any CPU
		{22E5FB3E-3044-4BDA-88FF-619F83EC4E99}.Ad-Hoc|iPhone.Build.0 = Release|Any CPU
		{22E5FB3E-3044-4BDA-88FF-619F83EC4E99}.Ad-Hoc|iPhoneSimulator.ActiveCfg = Release|Any CPU
		{22E5FB3E-3044-4BDA-88FF-619F83EC4E99}.Ad-Hoc|iPhoneSimulator.Build.0 = Release|Any CPU
		{22E5FB3E-3044-4BDA-88FF-619F83EC4E99}.Ad-Hoc|x64.ActiveCfg = Release|Any CPU
		{22E5FB3E-3044-4BDA-88FF-619F83EC4E99}.Ad-Hoc|x64.Build.0 = Release|Any CPU
		{22E5FB3E-3044-4BDA-88FF-619F83EC4E99}.Ad-Hoc|x86.ActiveCfg = Release|x86
		{22E5FB3E-3044-4BDA-88FF-619F83EC4E99}.Ad-Hoc|x86.Build.0 = Release|x86
		{22E5FB3E-3044-4BDA-88FF-619F83EC4E99}.AppStore|Any CPU.ActiveCfg = Release|Any CPU
		{22E5FB3E-3044-4BDA-88FF-619F83EC4E99}.AppStore|Any CPU.Build.0 = Release|Any CPU
		{22E5FB3E-3044-4BDA-88FF-619F83EC4E99}.AppStore|ARM.ActiveCfg = Release|Any CPU
		{22E5FB3E-3044-4BDA-88FF-619F83EC4E99}.AppStore|ARM.Build.0 = Release|Any CPU
		{22E5FB3E-3044-4BDA-88FF-619F83EC4E99}.AppStore|iPhone.ActiveCfg = Release|Any CPU
		{22E5FB3E-3044-4BDA-88FF-619F83EC4E99}.AppStore|iPhone.Build.0 = Release|Any CPU
		{22E5FB3E-3044-4BDA-88FF-619F83EC4E99}.AppStore|iPhoneSimulator.ActiveCfg = Release|Any CPU
		{22E5FB3E-3044-4BDA-88FF-619F83EC4E99}.AppStore|iPhoneSimulator.Build.0 = Release|Any CPU
		{22E5FB3E-3044-4BDA-88FF-619F83EC4E99}.AppStore|x64.ActiveCfg = Release|Any CPU
		{22E5FB3E-3044-4BDA-88FF-619F83EC4E99}.AppStore|x64.Build.0 = Release|Any CPU
		{22E5FB3E-3044-4BDA-88FF-619F83EC4E99}.AppStore|x86.ActiveCfg = Release|x86
		{22E5FB3E-3044-4BDA-88FF-619F83EC4E99}.AppStore|x86.Build.0 = Release|x86
		{22E5FB3E-3044-4BDA-88FF-619F83EC4E99}.Debug|Any CPU.ActiveCfg = Debug|Any CPU
		{22E5FB3E-3044-4BDA-88FF-619F83EC4E99}.Debug|Any CPU.Build.0 = Debug|Any CPU
		{22E5FB3E-3044-4BDA-88FF-619F83EC4E99}.Debug|ARM.ActiveCfg = Debug|Any CPU
		{22E5FB3E-3044-4BDA-88FF-619F83EC4E99}.Debug|ARM.Build.0 = Debug|Any CPU
		{22E5FB3E-3044-4BDA-88FF-619F83EC4E99}.Debug|iPhone.ActiveCfg = Debug|Any CPU
		{22E5FB3E-3044-4BDA-88FF-619F83EC4E99}.Debug|iPhone.Build.0 = Debug|Any CPU
		{22E5FB3E-3044-4BDA-88FF-619F83EC4E99}.Debug|iPhoneSimulator.ActiveCfg = Debug|Any CPU
		{22E5FB3E-3044-4BDA-88FF-619F83EC4E99}.Debug|iPhoneSimulator.Build.0 = Debug|Any CPU
		{22E5FB3E-3044-4BDA-88FF-619F83EC4E99}.Debug|x64.ActiveCfg = Debug|Any CPU
		{22E5FB3E-3044-4BDA-88FF-619F83EC4E99}.Debug|x64.Build.0 = Debug|Any CPU
		{22E5FB3E-3044-4BDA-88FF-619F83EC4E99}.Debug|x86.ActiveCfg = Debug|Any CPU
		{22E5FB3E-3044-4BDA-88FF-619F83EC4E99}.Debug|x86.Build.0 = Debug|Any CPU
		{22E5FB3E-3044-4BDA-88FF-619F83EC4E99}.Release|Any CPU.ActiveCfg = Release|Any CPU
		{22E5FB3E-3044-4BDA-88FF-619F83EC4E99}.Release|Any CPU.Build.0 = Release|Any CPU
		{22E5FB3E-3044-4BDA-88FF-619F83EC4E99}.Release|ARM.ActiveCfg = Release|Any CPU
		{22E5FB3E-3044-4BDA-88FF-619F83EC4E99}.Release|ARM.Build.0 = Release|Any CPU
		{22E5FB3E-3044-4BDA-88FF-619F83EC4E99}.Release|iPhone.ActiveCfg = Release|Any CPU
		{22E5FB3E-3044-4BDA-88FF-619F83EC4E99}.Release|iPhone.Build.0 = Release|Any CPU
		{22E5FB3E-3044-4BDA-88FF-619F83EC4E99}.Release|iPhoneSimulator.ActiveCfg = Release|Any CPU
		{22E5FB3E-3044-4BDA-88FF-619F83EC4E99}.Release|iPhoneSimulator.Build.0 = Release|Any CPU
		{22E5FB3E-3044-4BDA-88FF-619F83EC4E99}.Release|x64.ActiveCfg = Release|Any CPU
		{22E5FB3E-3044-4BDA-88FF-619F83EC4E99}.Release|x64.Build.0 = Release|Any CPU
		{22E5FB3E-3044-4BDA-88FF-619F83EC4E99}.Release|x86.ActiveCfg = Release|Any CPU
		{22E5FB3E-3044-4BDA-88FF-619F83EC4E99}.Release|x86.Build.0 = Release|Any CPU
		{C5D0A350-D275-4E72-B17A-559801232B86}.Ad-Hoc|Any CPU.ActiveCfg = Release|Any CPU
		{C5D0A350-D275-4E72-B17A-559801232B86}.Ad-Hoc|Any CPU.Build.0 = Release|Any CPU
		{C5D0A350-D275-4E72-B17A-559801232B86}.Ad-Hoc|ARM.ActiveCfg = Release|Any CPU
		{C5D0A350-D275-4E72-B17A-559801232B86}.Ad-Hoc|ARM.Build.0 = Release|Any CPU
		{C5D0A350-D275-4E72-B17A-559801232B86}.Ad-Hoc|iPhone.ActiveCfg = Release|Any CPU
		{C5D0A350-D275-4E72-B17A-559801232B86}.Ad-Hoc|iPhone.Build.0 = Release|Any CPU
		{C5D0A350-D275-4E72-B17A-559801232B86}.Ad-Hoc|iPhoneSimulator.ActiveCfg = Release|Any CPU
		{C5D0A350-D275-4E72-B17A-559801232B86}.Ad-Hoc|iPhoneSimulator.Build.0 = Release|Any CPU
		{C5D0A350-D275-4E72-B17A-559801232B86}.Ad-Hoc|x64.ActiveCfg = Release|Any CPU
		{C5D0A350-D275-4E72-B17A-559801232B86}.Ad-Hoc|x64.Build.0 = Release|Any CPU
		{C5D0A350-D275-4E72-B17A-559801232B86}.Ad-Hoc|x86.ActiveCfg = Release|Any CPU
		{C5D0A350-D275-4E72-B17A-559801232B86}.Ad-Hoc|x86.Build.0 = Release|Any CPU
		{C5D0A350-D275-4E72-B17A-559801232B86}.AppStore|Any CPU.ActiveCfg = Release|Any CPU
		{C5D0A350-D275-4E72-B17A-559801232B86}.AppStore|Any CPU.Build.0 = Release|Any CPU
		{C5D0A350-D275-4E72-B17A-559801232B86}.AppStore|ARM.ActiveCfg = Release|Any CPU
		{C5D0A350-D275-4E72-B17A-559801232B86}.AppStore|ARM.Build.0 = Release|Any CPU
		{C5D0A350-D275-4E72-B17A-559801232B86}.AppStore|iPhone.ActiveCfg = Release|Any CPU
		{C5D0A350-D275-4E72-B17A-559801232B86}.AppStore|iPhone.Build.0 = Release|Any CPU
		{C5D0A350-D275-4E72-B17A-559801232B86}.AppStore|iPhoneSimulator.ActiveCfg = Release|Any CPU
		{C5D0A350-D275-4E72-B17A-559801232B86}.AppStore|iPhoneSimulator.Build.0 = Release|Any CPU
		{C5D0A350-D275-4E72-B17A-559801232B86}.AppStore|x64.ActiveCfg = Release|Any CPU
		{C5D0A350-D275-4E72-B17A-559801232B86}.AppStore|x64.Build.0 = Release|Any CPU
		{C5D0A350-D275-4E72-B17A-559801232B86}.AppStore|x86.ActiveCfg = Release|Any CPU
		{C5D0A350-D275-4E72-B17A-559801232B86}.AppStore|x86.Build.0 = Release|Any CPU
		{C5D0A350-D275-4E72-B17A-559801232B86}.Debug|Any CPU.ActiveCfg = Debug|Any CPU
		{C5D0A350-D275-4E72-B17A-559801232B86}.Debug|Any CPU.Build.0 = Debug|Any CPU
		{C5D0A350-D275-4E72-B17A-559801232B86}.Debug|ARM.ActiveCfg = Debug|Any CPU
		{C5D0A350-D275-4E72-B17A-559801232B86}.Debug|ARM.Build.0 = Debug|Any CPU
		{C5D0A350-D275-4E72-B17A-559801232B86}.Debug|iPhone.ActiveCfg = Debug|Any CPU
		{C5D0A350-D275-4E72-B17A-559801232B86}.Debug|iPhone.Build.0 = Debug|Any CPU
		{C5D0A350-D275-4E72-B17A-559801232B86}.Debug|iPhoneSimulator.ActiveCfg = Debug|Any CPU
		{C5D0A350-D275-4E72-B17A-559801232B86}.Debug|iPhoneSimulator.Build.0 = Debug|Any CPU
		{C5D0A350-D275-4E72-B17A-559801232B86}.Debug|x64.ActiveCfg = Debug|Any CPU
		{C5D0A350-D275-4E72-B17A-559801232B86}.Debug|x64.Build.0 = Debug|Any CPU
		{C5D0A350-D275-4E72-B17A-559801232B86}.Debug|x86.ActiveCfg = Debug|Any CPU
		{C5D0A350-D275-4E72-B17A-559801232B86}.Debug|x86.Build.0 = Debug|Any CPU
		{C5D0A350-D275-4E72-B17A-559801232B86}.Release|Any CPU.ActiveCfg = Release|Any CPU
		{C5D0A350-D275-4E72-B17A-559801232B86}.Release|Any CPU.Build.0 = Release|Any CPU
		{C5D0A350-D275-4E72-B17A-559801232B86}.Release|ARM.ActiveCfg = Release|Any CPU
		{C5D0A350-D275-4E72-B17A-559801232B86}.Release|ARM.Build.0 = Release|Any CPU
		{C5D0A350-D275-4E72-B17A-559801232B86}.Release|iPhone.ActiveCfg = Release|Any CPU
		{C5D0A350-D275-4E72-B17A-559801232B86}.Release|iPhone.Build.0 = Release|Any CPU
		{C5D0A350-D275-4E72-B17A-559801232B86}.Release|iPhoneSimulator.ActiveCfg = Release|Any CPU
		{C5D0A350-D275-4E72-B17A-559801232B86}.Release|iPhoneSimulator.Build.0 = Release|Any CPU
		{C5D0A350-D275-4E72-B17A-559801232B86}.Release|x64.ActiveCfg = Release|Any CPU
		{C5D0A350-D275-4E72-B17A-559801232B86}.Release|x64.Build.0 = Release|Any CPU
		{C5D0A350-D275-4E72-B17A-559801232B86}.Release|x86.ActiveCfg = Release|Any CPU
		{C5D0A350-D275-4E72-B17A-559801232B86}.Release|x86.Build.0 = Release|Any CPU
		{FC029FF7-868F-410C-8048-AA1BC9B36D62}.Ad-Hoc|Any CPU.ActiveCfg = Release|x86
		{FC029FF7-868F-410C-8048-AA1BC9B36D62}.Ad-Hoc|Any CPU.Build.0 = Release|x86
		{FC029FF7-868F-410C-8048-AA1BC9B36D62}.Ad-Hoc|Any CPU.Deploy.0 = Release|x86
		{FC029FF7-868F-410C-8048-AA1BC9B36D62}.Ad-Hoc|ARM.ActiveCfg = Release|ARM
		{FC029FF7-868F-410C-8048-AA1BC9B36D62}.Ad-Hoc|ARM.Build.0 = Release|ARM
		{FC029FF7-868F-410C-8048-AA1BC9B36D62}.Ad-Hoc|ARM.Deploy.0 = Release|ARM
		{FC029FF7-868F-410C-8048-AA1BC9B36D62}.Ad-Hoc|iPhone.ActiveCfg = Release|x86
		{FC029FF7-868F-410C-8048-AA1BC9B36D62}.Ad-Hoc|iPhone.Build.0 = Release|x86
		{FC029FF7-868F-410C-8048-AA1BC9B36D62}.Ad-Hoc|iPhone.Deploy.0 = Release|x86
		{FC029FF7-868F-410C-8048-AA1BC9B36D62}.Ad-Hoc|iPhoneSimulator.ActiveCfg = Release|x86
		{FC029FF7-868F-410C-8048-AA1BC9B36D62}.Ad-Hoc|iPhoneSimulator.Build.0 = Release|x86
		{FC029FF7-868F-410C-8048-AA1BC9B36D62}.Ad-Hoc|iPhoneSimulator.Deploy.0 = Release|x86
		{FC029FF7-868F-410C-8048-AA1BC9B36D62}.Ad-Hoc|x64.ActiveCfg = Release|x64
		{FC029FF7-868F-410C-8048-AA1BC9B36D62}.Ad-Hoc|x64.Build.0 = Release|x64
		{FC029FF7-868F-410C-8048-AA1BC9B36D62}.Ad-Hoc|x64.Deploy.0 = Release|x64
		{FC029FF7-868F-410C-8048-AA1BC9B36D62}.Ad-Hoc|x86.ActiveCfg = Release|x86
		{FC029FF7-868F-410C-8048-AA1BC9B36D62}.Ad-Hoc|x86.Build.0 = Release|x86
		{FC029FF7-868F-410C-8048-AA1BC9B36D62}.Ad-Hoc|x86.Deploy.0 = Release|x86
		{FC029FF7-868F-410C-8048-AA1BC9B36D62}.AppStore|Any CPU.ActiveCfg = Release|x86
		{FC029FF7-868F-410C-8048-AA1BC9B36D62}.AppStore|Any CPU.Build.0 = Release|x86
		{FC029FF7-868F-410C-8048-AA1BC9B36D62}.AppStore|Any CPU.Deploy.0 = Release|x86
		{FC029FF7-868F-410C-8048-AA1BC9B36D62}.AppStore|ARM.ActiveCfg = Release|ARM
		{FC029FF7-868F-410C-8048-AA1BC9B36D62}.AppStore|ARM.Build.0 = Release|ARM
		{FC029FF7-868F-410C-8048-AA1BC9B36D62}.AppStore|ARM.Deploy.0 = Release|ARM
		{FC029FF7-868F-410C-8048-AA1BC9B36D62}.AppStore|iPhone.ActiveCfg = Release|x86
		{FC029FF7-868F-410C-8048-AA1BC9B36D62}.AppStore|iPhone.Build.0 = Release|x86
		{FC029FF7-868F-410C-8048-AA1BC9B36D62}.AppStore|iPhone.Deploy.0 = Release|x86
		{FC029FF7-868F-410C-8048-AA1BC9B36D62}.AppStore|iPhoneSimulator.ActiveCfg = Release|x86
		{FC029FF7-868F-410C-8048-AA1BC9B36D62}.AppStore|iPhoneSimulator.Build.0 = Release|x86
		{FC029FF7-868F-410C-8048-AA1BC9B36D62}.AppStore|iPhoneSimulator.Deploy.0 = Release|x86
		{FC029FF7-868F-410C-8048-AA1BC9B36D62}.AppStore|x64.ActiveCfg = Release|x64
		{FC029FF7-868F-410C-8048-AA1BC9B36D62}.AppStore|x64.Build.0 = Release|x64
		{FC029FF7-868F-410C-8048-AA1BC9B36D62}.AppStore|x64.Deploy.0 = Release|x64
		{FC029FF7-868F-410C-8048-AA1BC9B36D62}.AppStore|x86.ActiveCfg = Release|x86
		{FC029FF7-868F-410C-8048-AA1BC9B36D62}.AppStore|x86.Build.0 = Release|x86
		{FC029FF7-868F-410C-8048-AA1BC9B36D62}.AppStore|x86.Deploy.0 = Release|x86
		{FC029FF7-868F-410C-8048-AA1BC9B36D62}.Debug|Any CPU.ActiveCfg = Debug|x64
		{FC029FF7-868F-410C-8048-AA1BC9B36D62}.Debug|Any CPU.Build.0 = Debug|x64
		{FC029FF7-868F-410C-8048-AA1BC9B36D62}.Debug|Any CPU.Deploy.0 = Debug|x64
		{FC029FF7-868F-410C-8048-AA1BC9B36D62}.Debug|ARM.ActiveCfg = Debug|ARM
		{FC029FF7-868F-410C-8048-AA1BC9B36D62}.Debug|ARM.Build.0 = Debug|ARM
		{FC029FF7-868F-410C-8048-AA1BC9B36D62}.Debug|ARM.Deploy.0 = Debug|ARM
		{FC029FF7-868F-410C-8048-AA1BC9B36D62}.Debug|iPhone.ActiveCfg = Debug|x86
		{FC029FF7-868F-410C-8048-AA1BC9B36D62}.Debug|iPhoneSimulator.ActiveCfg = Debug|x86
		{FC029FF7-868F-410C-8048-AA1BC9B36D62}.Debug|x64.ActiveCfg = Debug|x64
		{FC029FF7-868F-410C-8048-AA1BC9B36D62}.Debug|x64.Build.0 = Debug|x64
		{FC029FF7-868F-410C-8048-AA1BC9B36D62}.Debug|x64.Deploy.0 = Debug|x64
		{FC029FF7-868F-410C-8048-AA1BC9B36D62}.Debug|x86.ActiveCfg = Debug|x86
		{FC029FF7-868F-410C-8048-AA1BC9B36D62}.Debug|x86.Build.0 = Debug|x86
		{FC029FF7-868F-410C-8048-AA1BC9B36D62}.Debug|x86.Deploy.0 = Debug|x86
		{FC029FF7-868F-410C-8048-AA1BC9B36D62}.Release|Any CPU.ActiveCfg = Release|x64
		{FC029FF7-868F-410C-8048-AA1BC9B36D62}.Release|ARM.ActiveCfg = Release|ARM
		{FC029FF7-868F-410C-8048-AA1BC9B36D62}.Release|ARM.Build.0 = Release|ARM
		{FC029FF7-868F-410C-8048-AA1BC9B36D62}.Release|ARM.Deploy.0 = Release|ARM
		{FC029FF7-868F-410C-8048-AA1BC9B36D62}.Release|iPhone.ActiveCfg = Release|x86
		{FC029FF7-868F-410C-8048-AA1BC9B36D62}.Release|iPhoneSimulator.ActiveCfg = Release|x86
		{FC029FF7-868F-410C-8048-AA1BC9B36D62}.Release|x64.ActiveCfg = Release|x64
		{FC029FF7-868F-410C-8048-AA1BC9B36D62}.Release|x64.Build.0 = Release|x64
		{FC029FF7-868F-410C-8048-AA1BC9B36D62}.Release|x64.Deploy.0 = Release|x64
		{FC029FF7-868F-410C-8048-AA1BC9B36D62}.Release|x86.ActiveCfg = Release|x86
		{FC029FF7-868F-410C-8048-AA1BC9B36D62}.Release|x86.Build.0 = Release|x86
		{FC029FF7-868F-410C-8048-AA1BC9B36D62}.Release|x86.Deploy.0 = Release|x86
		{7FA4712A-2EEC-4441-BEDC-33F6DEF5E67E}.Ad-Hoc|Any CPU.ActiveCfg = Release|Any CPU
		{7FA4712A-2EEC-4441-BEDC-33F6DEF5E67E}.Ad-Hoc|Any CPU.Build.0 = Release|Any CPU
		{7FA4712A-2EEC-4441-BEDC-33F6DEF5E67E}.Ad-Hoc|ARM.ActiveCfg = Release|Any CPU
		{7FA4712A-2EEC-4441-BEDC-33F6DEF5E67E}.Ad-Hoc|ARM.Build.0 = Release|Any CPU
		{7FA4712A-2EEC-4441-BEDC-33F6DEF5E67E}.Ad-Hoc|iPhone.ActiveCfg = Release|Any CPU
		{7FA4712A-2EEC-4441-BEDC-33F6DEF5E67E}.Ad-Hoc|iPhone.Build.0 = Release|Any CPU
		{7FA4712A-2EEC-4441-BEDC-33F6DEF5E67E}.Ad-Hoc|iPhoneSimulator.ActiveCfg = Release|Any CPU
		{7FA4712A-2EEC-4441-BEDC-33F6DEF5E67E}.Ad-Hoc|iPhoneSimulator.Build.0 = Release|Any CPU
		{7FA4712A-2EEC-4441-BEDC-33F6DEF5E67E}.Ad-Hoc|x64.ActiveCfg = Release|Any CPU
		{7FA4712A-2EEC-4441-BEDC-33F6DEF5E67E}.Ad-Hoc|x64.Build.0 = Release|Any CPU
		{7FA4712A-2EEC-4441-BEDC-33F6DEF5E67E}.Ad-Hoc|x86.ActiveCfg = Release|Any CPU
		{7FA4712A-2EEC-4441-BEDC-33F6DEF5E67E}.Ad-Hoc|x86.Build.0 = Release|Any CPU
		{7FA4712A-2EEC-4441-BEDC-33F6DEF5E67E}.AppStore|Any CPU.ActiveCfg = Release|Any CPU
		{7FA4712A-2EEC-4441-BEDC-33F6DEF5E67E}.AppStore|Any CPU.Build.0 = Release|Any CPU
		{7FA4712A-2EEC-4441-BEDC-33F6DEF5E67E}.AppStore|ARM.ActiveCfg = Release|Any CPU
		{7FA4712A-2EEC-4441-BEDC-33F6DEF5E67E}.AppStore|ARM.Build.0 = Release|Any CPU
		{7FA4712A-2EEC-4441-BEDC-33F6DEF5E67E}.AppStore|iPhone.ActiveCfg = Release|Any CPU
		{7FA4712A-2EEC-4441-BEDC-33F6DEF5E67E}.AppStore|iPhone.Build.0 = Release|Any CPU
		{7FA4712A-2EEC-4441-BEDC-33F6DEF5E67E}.AppStore|iPhoneSimulator.ActiveCfg = Release|Any CPU
		{7FA4712A-2EEC-4441-BEDC-33F6DEF5E67E}.AppStore|iPhoneSimulator.Build.0 = Release|Any CPU
		{7FA4712A-2EEC-4441-BEDC-33F6DEF5E67E}.AppStore|x64.ActiveCfg = Release|Any CPU
		{7FA4712A-2EEC-4441-BEDC-33F6DEF5E67E}.AppStore|x64.Build.0 = Release|Any CPU
		{7FA4712A-2EEC-4441-BEDC-33F6DEF5E67E}.AppStore|x86.ActiveCfg = Release|Any CPU
		{7FA4712A-2EEC-4441-BEDC-33F6DEF5E67E}.AppStore|x86.Build.0 = Release|Any CPU
		{7FA4712A-2EEC-4441-BEDC-33F6DEF5E67E}.Debug|Any CPU.ActiveCfg = Debug|Any CPU
		{7FA4712A-2EEC-4441-BEDC-33F6DEF5E67E}.Debug|Any CPU.Build.0 = Debug|Any CPU
		{7FA4712A-2EEC-4441-BEDC-33F6DEF5E67E}.Debug|ARM.ActiveCfg = Debug|Any CPU
		{7FA4712A-2EEC-4441-BEDC-33F6DEF5E67E}.Debug|ARM.Build.0 = Debug|Any CPU
		{7FA4712A-2EEC-4441-BEDC-33F6DEF5E67E}.Debug|iPhone.ActiveCfg = Debug|Any CPU
		{7FA4712A-2EEC-4441-BEDC-33F6DEF5E67E}.Debug|iPhone.Build.0 = Debug|Any CPU
		{7FA4712A-2EEC-4441-BEDC-33F6DEF5E67E}.Debug|iPhoneSimulator.ActiveCfg = Debug|Any CPU
		{7FA4712A-2EEC-4441-BEDC-33F6DEF5E67E}.Debug|iPhoneSimulator.Build.0 = Debug|Any CPU
		{7FA4712A-2EEC-4441-BEDC-33F6DEF5E67E}.Debug|x64.ActiveCfg = Debug|Any CPU
		{7FA4712A-2EEC-4441-BEDC-33F6DEF5E67E}.Debug|x64.Build.0 = Debug|Any CPU
		{7FA4712A-2EEC-4441-BEDC-33F6DEF5E67E}.Debug|x86.ActiveCfg = Debug|Any CPU
		{7FA4712A-2EEC-4441-BEDC-33F6DEF5E67E}.Debug|x86.Build.0 = Debug|Any CPU
		{7FA4712A-2EEC-4441-BEDC-33F6DEF5E67E}.Release|Any CPU.ActiveCfg = Release|Any CPU
		{7FA4712A-2EEC-4441-BEDC-33F6DEF5E67E}.Release|Any CPU.Build.0 = Release|Any CPU
		{7FA4712A-2EEC-4441-BEDC-33F6DEF5E67E}.Release|ARM.ActiveCfg = Release|Any CPU
		{7FA4712A-2EEC-4441-BEDC-33F6DEF5E67E}.Release|ARM.Build.0 = Release|Any CPU
		{7FA4712A-2EEC-4441-BEDC-33F6DEF5E67E}.Release|iPhone.ActiveCfg = Release|Any CPU
		{7FA4712A-2EEC-4441-BEDC-33F6DEF5E67E}.Release|iPhone.Build.0 = Release|Any CPU
		{7FA4712A-2EEC-4441-BEDC-33F6DEF5E67E}.Release|iPhoneSimulator.ActiveCfg = Release|Any CPU
		{7FA4712A-2EEC-4441-BEDC-33F6DEF5E67E}.Release|iPhoneSimulator.Build.0 = Release|Any CPU
		{7FA4712A-2EEC-4441-BEDC-33F6DEF5E67E}.Release|x64.ActiveCfg = Release|Any CPU
		{7FA4712A-2EEC-4441-BEDC-33F6DEF5E67E}.Release|x64.Build.0 = Release|Any CPU
		{7FA4712A-2EEC-4441-BEDC-33F6DEF5E67E}.Release|x86.ActiveCfg = Release|Any CPU
		{7FA4712A-2EEC-4441-BEDC-33F6DEF5E67E}.Release|x86.Build.0 = Release|Any CPU
		{3F2F3BC6-153D-4FD5-B819-6C456BE2DC25}.Ad-Hoc|Any CPU.ActiveCfg = Release|Any CPU
		{3F2F3BC6-153D-4FD5-B819-6C456BE2DC25}.Ad-Hoc|Any CPU.Build.0 = Release|Any CPU
		{3F2F3BC6-153D-4FD5-B819-6C456BE2DC25}.Ad-Hoc|ARM.ActiveCfg = Release|Any CPU
		{3F2F3BC6-153D-4FD5-B819-6C456BE2DC25}.Ad-Hoc|ARM.Build.0 = Release|Any CPU
		{3F2F3BC6-153D-4FD5-B819-6C456BE2DC25}.Ad-Hoc|iPhone.ActiveCfg = Release|Any CPU
		{3F2F3BC6-153D-4FD5-B819-6C456BE2DC25}.Ad-Hoc|iPhone.Build.0 = Release|Any CPU
		{3F2F3BC6-153D-4FD5-B819-6C456BE2DC25}.Ad-Hoc|iPhoneSimulator.ActiveCfg = Release|Any CPU
		{3F2F3BC6-153D-4FD5-B819-6C456BE2DC25}.Ad-Hoc|iPhoneSimulator.Build.0 = Release|Any CPU
		{3F2F3BC6-153D-4FD5-B819-6C456BE2DC25}.Ad-Hoc|x64.ActiveCfg = Release|x64
		{3F2F3BC6-153D-4FD5-B819-6C456BE2DC25}.Ad-Hoc|x64.Build.0 = Release|x64
		{3F2F3BC6-153D-4FD5-B819-6C456BE2DC25}.Ad-Hoc|x86.ActiveCfg = Release|x86
		{3F2F3BC6-153D-4FD5-B819-6C456BE2DC25}.Ad-Hoc|x86.Build.0 = Release|x86
		{3F2F3BC6-153D-4FD5-B819-6C456BE2DC25}.AppStore|Any CPU.ActiveCfg = Release|Any CPU
		{3F2F3BC6-153D-4FD5-B819-6C456BE2DC25}.AppStore|Any CPU.Build.0 = Release|Any CPU
		{3F2F3BC6-153D-4FD5-B819-6C456BE2DC25}.AppStore|ARM.ActiveCfg = Release|Any CPU
		{3F2F3BC6-153D-4FD5-B819-6C456BE2DC25}.AppStore|ARM.Build.0 = Release|Any CPU
		{3F2F3BC6-153D-4FD5-B819-6C456BE2DC25}.AppStore|iPhone.ActiveCfg = Release|Any CPU
		{3F2F3BC6-153D-4FD5-B819-6C456BE2DC25}.AppStore|iPhone.Build.0 = Release|Any CPU
		{3F2F3BC6-153D-4FD5-B819-6C456BE2DC25}.AppStore|iPhoneSimulator.ActiveCfg = Release|Any CPU
		{3F2F3BC6-153D-4FD5-B819-6C456BE2DC25}.AppStore|iPhoneSimulator.Build.0 = Release|Any CPU
		{3F2F3BC6-153D-4FD5-B819-6C456BE2DC25}.AppStore|x64.ActiveCfg = Release|x64
		{3F2F3BC6-153D-4FD5-B819-6C456BE2DC25}.AppStore|x64.Build.0 = Release|x64
		{3F2F3BC6-153D-4FD5-B819-6C456BE2DC25}.AppStore|x86.ActiveCfg = Release|x86
		{3F2F3BC6-153D-4FD5-B819-6C456BE2DC25}.AppStore|x86.Build.0 = Release|x86
		{3F2F3BC6-153D-4FD5-B819-6C456BE2DC25}.Debug|Any CPU.ActiveCfg = Debug|Any CPU
		{3F2F3BC6-153D-4FD5-B819-6C456BE2DC25}.Debug|Any CPU.Build.0 = Debug|Any CPU
		{3F2F3BC6-153D-4FD5-B819-6C456BE2DC25}.Debug|ARM.ActiveCfg = Debug|Any CPU
		{3F2F3BC6-153D-4FD5-B819-6C456BE2DC25}.Debug|ARM.Build.0 = Debug|Any CPU
		{3F2F3BC6-153D-4FD5-B819-6C456BE2DC25}.Debug|iPhone.ActiveCfg = Debug|Any CPU
		{3F2F3BC6-153D-4FD5-B819-6C456BE2DC25}.Debug|iPhone.Build.0 = Debug|Any CPU
		{3F2F3BC6-153D-4FD5-B819-6C456BE2DC25}.Debug|iPhoneSimulator.ActiveCfg = Debug|Any CPU
		{3F2F3BC6-153D-4FD5-B819-6C456BE2DC25}.Debug|iPhoneSimulator.Build.0 = Debug|Any CPU
		{3F2F3BC6-153D-4FD5-B819-6C456BE2DC25}.Debug|x64.ActiveCfg = Debug|x64
		{3F2F3BC6-153D-4FD5-B819-6C456BE2DC25}.Debug|x64.Build.0 = Debug|x64
		{3F2F3BC6-153D-4FD5-B819-6C456BE2DC25}.Debug|x86.ActiveCfg = Debug|x86
		{3F2F3BC6-153D-4FD5-B819-6C456BE2DC25}.Debug|x86.Build.0 = Debug|x86
		{3F2F3BC6-153D-4FD5-B819-6C456BE2DC25}.Release|Any CPU.ActiveCfg = Release|Any CPU
		{3F2F3BC6-153D-4FD5-B819-6C456BE2DC25}.Release|Any CPU.Build.0 = Release|Any CPU
		{3F2F3BC6-153D-4FD5-B819-6C456BE2DC25}.Release|ARM.ActiveCfg = Release|Any CPU
		{3F2F3BC6-153D-4FD5-B819-6C456BE2DC25}.Release|ARM.Build.0 = Release|Any CPU
		{3F2F3BC6-153D-4FD5-B819-6C456BE2DC25}.Release|iPhone.ActiveCfg = Release|Any CPU
		{3F2F3BC6-153D-4FD5-B819-6C456BE2DC25}.Release|iPhone.Build.0 = Release|Any CPU
		{3F2F3BC6-153D-4FD5-B819-6C456BE2DC25}.Release|iPhoneSimulator.ActiveCfg = Release|Any CPU
		{3F2F3BC6-153D-4FD5-B819-6C456BE2DC25}.Release|iPhoneSimulator.Build.0 = Release|Any CPU
		{3F2F3BC6-153D-4FD5-B819-6C456BE2DC25}.Release|x64.ActiveCfg = Release|x64
		{3F2F3BC6-153D-4FD5-B819-6C456BE2DC25}.Release|x64.Build.0 = Release|x64
		{3F2F3BC6-153D-4FD5-B819-6C456BE2DC25}.Release|x86.ActiveCfg = Release|x86
		{3F2F3BC6-153D-4FD5-B819-6C456BE2DC25}.Release|x86.Build.0 = Release|x86
		{F6BEE529-FA66-4BCD-938B-49677225AFF9}.Ad-Hoc|Any CPU.ActiveCfg = Release|Any CPU
		{F6BEE529-FA66-4BCD-938B-49677225AFF9}.Ad-Hoc|Any CPU.Build.0 = Release|Any CPU
		{F6BEE529-FA66-4BCD-938B-49677225AFF9}.Ad-Hoc|ARM.ActiveCfg = Release|Any CPU
		{F6BEE529-FA66-4BCD-938B-49677225AFF9}.Ad-Hoc|ARM.Build.0 = Release|Any CPU
		{F6BEE529-FA66-4BCD-938B-49677225AFF9}.Ad-Hoc|iPhone.ActiveCfg = Release|Any CPU
		{F6BEE529-FA66-4BCD-938B-49677225AFF9}.Ad-Hoc|iPhone.Build.0 = Release|Any CPU
		{F6BEE529-FA66-4BCD-938B-49677225AFF9}.Ad-Hoc|iPhoneSimulator.ActiveCfg = Release|Any CPU
		{F6BEE529-FA66-4BCD-938B-49677225AFF9}.Ad-Hoc|iPhoneSimulator.Build.0 = Release|Any CPU
		{F6BEE529-FA66-4BCD-938B-49677225AFF9}.Ad-Hoc|x64.ActiveCfg = Release|x64
		{F6BEE529-FA66-4BCD-938B-49677225AFF9}.Ad-Hoc|x64.Build.0 = Release|x64
		{F6BEE529-FA66-4BCD-938B-49677225AFF9}.Ad-Hoc|x86.ActiveCfg = Release|x86
		{F6BEE529-FA66-4BCD-938B-49677225AFF9}.Ad-Hoc|x86.Build.0 = Release|x86
		{F6BEE529-FA66-4BCD-938B-49677225AFF9}.AppStore|Any CPU.ActiveCfg = Release|Any CPU
		{F6BEE529-FA66-4BCD-938B-49677225AFF9}.AppStore|Any CPU.Build.0 = Release|Any CPU
		{F6BEE529-FA66-4BCD-938B-49677225AFF9}.AppStore|ARM.ActiveCfg = Release|Any CPU
		{F6BEE529-FA66-4BCD-938B-49677225AFF9}.AppStore|ARM.Build.0 = Release|Any CPU
		{F6BEE529-FA66-4BCD-938B-49677225AFF9}.AppStore|iPhone.ActiveCfg = Release|Any CPU
		{F6BEE529-FA66-4BCD-938B-49677225AFF9}.AppStore|iPhone.Build.0 = Release|Any CPU
		{F6BEE529-FA66-4BCD-938B-49677225AFF9}.AppStore|iPhoneSimulator.ActiveCfg = Release|Any CPU
		{F6BEE529-FA66-4BCD-938B-49677225AFF9}.AppStore|iPhoneSimulator.Build.0 = Release|Any CPU
		{F6BEE529-FA66-4BCD-938B-49677225AFF9}.AppStore|x64.ActiveCfg = Release|x64
		{F6BEE529-FA66-4BCD-938B-49677225AFF9}.AppStore|x64.Build.0 = Release|x64
		{F6BEE529-FA66-4BCD-938B-49677225AFF9}.AppStore|x86.ActiveCfg = Release|x86
		{F6BEE529-FA66-4BCD-938B-49677225AFF9}.AppStore|x86.Build.0 = Release|x86
		{F6BEE529-FA66-4BCD-938B-49677225AFF9}.Debug|Any CPU.ActiveCfg = Debug|Any CPU
		{F6BEE529-FA66-4BCD-938B-49677225AFF9}.Debug|Any CPU.Build.0 = Debug|Any CPU
		{F6BEE529-FA66-4BCD-938B-49677225AFF9}.Debug|ARM.ActiveCfg = Debug|Any CPU
		{F6BEE529-FA66-4BCD-938B-49677225AFF9}.Debug|ARM.Build.0 = Debug|Any CPU
		{F6BEE529-FA66-4BCD-938B-49677225AFF9}.Debug|iPhone.ActiveCfg = Debug|Any CPU
		{F6BEE529-FA66-4BCD-938B-49677225AFF9}.Debug|iPhone.Build.0 = Debug|Any CPU
		{F6BEE529-FA66-4BCD-938B-49677225AFF9}.Debug|iPhoneSimulator.ActiveCfg = Debug|Any CPU
		{F6BEE529-FA66-4BCD-938B-49677225AFF9}.Debug|iPhoneSimulator.Build.0 = Debug|Any CPU
		{F6BEE529-FA66-4BCD-938B-49677225AFF9}.Debug|x64.ActiveCfg = Debug|x64
		{F6BEE529-FA66-4BCD-938B-49677225AFF9}.Debug|x64.Build.0 = Debug|x64
		{F6BEE529-FA66-4BCD-938B-49677225AFF9}.Debug|x86.ActiveCfg = Debug|x86
		{F6BEE529-FA66-4BCD-938B-49677225AFF9}.Debug|x86.Build.0 = Debug|x86
		{F6BEE529-FA66-4BCD-938B-49677225AFF9}.Release|Any CPU.ActiveCfg = Release|Any CPU
		{F6BEE529-FA66-4BCD-938B-49677225AFF9}.Release|ARM.ActiveCfg = Release|Any CPU
		{F6BEE529-FA66-4BCD-938B-49677225AFF9}.Release|ARM.Build.0 = Release|Any CPU
		{F6BEE529-FA66-4BCD-938B-49677225AFF9}.Release|iPhone.ActiveCfg = Release|Any CPU
		{F6BEE529-FA66-4BCD-938B-49677225AFF9}.Release|iPhone.Build.0 = Release|Any CPU
		{F6BEE529-FA66-4BCD-938B-49677225AFF9}.Release|iPhoneSimulator.ActiveCfg = Release|Any CPU
		{F6BEE529-FA66-4BCD-938B-49677225AFF9}.Release|iPhoneSimulator.Build.0 = Release|Any CPU
		{F6BEE529-FA66-4BCD-938B-49677225AFF9}.Release|x64.ActiveCfg = Release|x64
		{F6BEE529-FA66-4BCD-938B-49677225AFF9}.Release|x64.Build.0 = Release|x64
		{F6BEE529-FA66-4BCD-938B-49677225AFF9}.Release|x86.ActiveCfg = Release|x86
		{F6BEE529-FA66-4BCD-938B-49677225AFF9}.Release|x86.Build.0 = Release|x86
		{17CFB549-81C7-4527-9F3E-5694D2B5B3FA}.Ad-Hoc|Any CPU.ActiveCfg = Release|Any CPU
		{17CFB549-81C7-4527-9F3E-5694D2B5B3FA}.Ad-Hoc|Any CPU.Build.0 = Release|Any CPU
		{17CFB549-81C7-4527-9F3E-5694D2B5B3FA}.Ad-Hoc|ARM.ActiveCfg = Release|Any CPU
		{17CFB549-81C7-4527-9F3E-5694D2B5B3FA}.Ad-Hoc|ARM.Build.0 = Release|Any CPU
		{17CFB549-81C7-4527-9F3E-5694D2B5B3FA}.Ad-Hoc|iPhone.ActiveCfg = Release|Any CPU
		{17CFB549-81C7-4527-9F3E-5694D2B5B3FA}.Ad-Hoc|iPhone.Build.0 = Release|Any CPU
		{17CFB549-81C7-4527-9F3E-5694D2B5B3FA}.Ad-Hoc|iPhoneSimulator.ActiveCfg = Release|Any CPU
		{17CFB549-81C7-4527-9F3E-5694D2B5B3FA}.Ad-Hoc|iPhoneSimulator.Build.0 = Release|Any CPU
		{17CFB549-81C7-4527-9F3E-5694D2B5B3FA}.Ad-Hoc|x64.ActiveCfg = Release|Any CPU
		{17CFB549-81C7-4527-9F3E-5694D2B5B3FA}.Ad-Hoc|x64.Build.0 = Release|Any CPU
		{17CFB549-81C7-4527-9F3E-5694D2B5B3FA}.Ad-Hoc|x86.ActiveCfg = Release|Any CPU
		{17CFB549-81C7-4527-9F3E-5694D2B5B3FA}.Ad-Hoc|x86.Build.0 = Release|Any CPU
		{17CFB549-81C7-4527-9F3E-5694D2B5B3FA}.AppStore|Any CPU.ActiveCfg = Release|Any CPU
		{17CFB549-81C7-4527-9F3E-5694D2B5B3FA}.AppStore|Any CPU.Build.0 = Release|Any CPU
		{17CFB549-81C7-4527-9F3E-5694D2B5B3FA}.AppStore|ARM.ActiveCfg = Release|Any CPU
		{17CFB549-81C7-4527-9F3E-5694D2B5B3FA}.AppStore|ARM.Build.0 = Release|Any CPU
		{17CFB549-81C7-4527-9F3E-5694D2B5B3FA}.AppStore|iPhone.ActiveCfg = Release|Any CPU
		{17CFB549-81C7-4527-9F3E-5694D2B5B3FA}.AppStore|iPhone.Build.0 = Release|Any CPU
		{17CFB549-81C7-4527-9F3E-5694D2B5B3FA}.AppStore|iPhoneSimulator.ActiveCfg = Release|Any CPU
		{17CFB549-81C7-4527-9F3E-5694D2B5B3FA}.AppStore|iPhoneSimulator.Build.0 = Release|Any CPU
		{17CFB549-81C7-4527-9F3E-5694D2B5B3FA}.AppStore|x64.ActiveCfg = Release|Any CPU
		{17CFB549-81C7-4527-9F3E-5694D2B5B3FA}.AppStore|x64.Build.0 = Release|Any CPU
		{17CFB549-81C7-4527-9F3E-5694D2B5B3FA}.AppStore|x86.ActiveCfg = Release|Any CPU
		{17CFB549-81C7-4527-9F3E-5694D2B5B3FA}.AppStore|x86.Build.0 = Release|Any CPU
		{17CFB549-81C7-4527-9F3E-5694D2B5B3FA}.Debug|Any CPU.ActiveCfg = Debug|Any CPU
		{17CFB549-81C7-4527-9F3E-5694D2B5B3FA}.Debug|Any CPU.Build.0 = Debug|Any CPU
		{17CFB549-81C7-4527-9F3E-5694D2B5B3FA}.Debug|ARM.ActiveCfg = Debug|Any CPU
		{17CFB549-81C7-4527-9F3E-5694D2B5B3FA}.Debug|ARM.Build.0 = Debug|Any CPU
		{17CFB549-81C7-4527-9F3E-5694D2B5B3FA}.Debug|iPhone.ActiveCfg = Debug|Any CPU
		{17CFB549-81C7-4527-9F3E-5694D2B5B3FA}.Debug|iPhone.Build.0 = Debug|Any CPU
		{17CFB549-81C7-4527-9F3E-5694D2B5B3FA}.Debug|iPhoneSimulator.ActiveCfg = Debug|Any CPU
		{17CFB549-81C7-4527-9F3E-5694D2B5B3FA}.Debug|iPhoneSimulator.Build.0 = Debug|Any CPU
		{17CFB549-81C7-4527-9F3E-5694D2B5B3FA}.Debug|x64.ActiveCfg = Debug|Any CPU
		{17CFB549-81C7-4527-9F3E-5694D2B5B3FA}.Debug|x64.Build.0 = Debug|Any CPU
		{17CFB549-81C7-4527-9F3E-5694D2B5B3FA}.Debug|x86.ActiveCfg = Debug|Any CPU
		{17CFB549-81C7-4527-9F3E-5694D2B5B3FA}.Debug|x86.Build.0 = Debug|Any CPU
		{17CFB549-81C7-4527-9F3E-5694D2B5B3FA}.Release|Any CPU.ActiveCfg = Release|Any CPU
		{17CFB549-81C7-4527-9F3E-5694D2B5B3FA}.Release|Any CPU.Build.0 = Release|Any CPU
		{17CFB549-81C7-4527-9F3E-5694D2B5B3FA}.Release|ARM.ActiveCfg = Release|Any CPU
		{17CFB549-81C7-4527-9F3E-5694D2B5B3FA}.Release|ARM.Build.0 = Release|Any CPU
		{17CFB549-81C7-4527-9F3E-5694D2B5B3FA}.Release|iPhone.ActiveCfg = Release|Any CPU
		{17CFB549-81C7-4527-9F3E-5694D2B5B3FA}.Release|iPhone.Build.0 = Release|Any CPU
		{17CFB549-81C7-4527-9F3E-5694D2B5B3FA}.Release|iPhoneSimulator.ActiveCfg = Release|Any CPU
		{17CFB549-81C7-4527-9F3E-5694D2B5B3FA}.Release|iPhoneSimulator.Build.0 = Release|Any CPU
		{17CFB549-81C7-4527-9F3E-5694D2B5B3FA}.Release|x64.ActiveCfg = Release|Any CPU
		{17CFB549-81C7-4527-9F3E-5694D2B5B3FA}.Release|x64.Build.0 = Release|Any CPU
		{17CFB549-81C7-4527-9F3E-5694D2B5B3FA}.Release|x86.ActiveCfg = Release|Any CPU
		{17CFB549-81C7-4527-9F3E-5694D2B5B3FA}.Release|x86.Build.0 = Release|Any CPU
	EndGlobalSection
	GlobalSection(SolutionProperties) = preSolution
		HideSolutionNode = FALSE
	EndGlobalSection
EndGlobal
