
Microsoft Visual Studio Solution File, Format Version 12.00
# Visual Studio 14
VisualStudioVersion = 14.0.25123.0
MinimumVisualStudioVersion = 10.0.40219.1
Project("{FAE04EC0-301F-11D3-BF4B-00C04F79EFBC}") = "BudgetAnalyser.Engine", "BudgetAnalyser.Engine\BudgetAnalyser.Engine.csproj", "{22E5FB3E-3044-4BDA-88FF-619F83EC4E99}"
EndProject
Project("{FAE04EC0-301F-11D3-BF4B-00C04F79EFBC}") = "BudgetAnalyser.Engine.UnitTest", "BudgetAnalyser.Engine.UnitTest\BudgetAnalyser.Engine.UnitTest.csproj", "{C5D0A350-D275-4E72-B17A-559801232B86}"
EndProject
Project("{FAE04EC0-301F-11D3-BF4B-00C04F79EFBC}") = "BudgetAnalyser.Uwp", "BudgetAnalyser.Uwp\BudgetAnalyser.Uwp.csproj", "{FC029FF7-868F-410C-8048-AA1BC9B36D62}"
EndProject
Project("{FAE04EC0-301F-11D3-BF4B-00C04F79EFBC}") = "MapperGeneration", "MapperGeneration\MapperGeneration.csproj", "{7FA4712A-2EEC-4441-BEDC-33F6DEF5E67E}"
EndProject
Project("{FAE04EC0-301F-11D3-BF4B-00C04F79EFBC}") = "BudgetAnalyser.Wpf", "BudgetAnalyser\BudgetAnalyser.Wpf.csproj", "{3F2F3BC6-153D-4FD5-B819-6C456BE2DC25}"
EndProject
Project("{FAE04EC0-301F-11D3-BF4B-00C04F79EFBC}") = "BudgetAnalyser.Wpf.UnitTest", "BudgetAnalyser.Wpf.UnitTest\BudgetAnalyser.Wpf.UnitTest.csproj", "{F6BEE529-FA66-4BCD-938B-49677225AFF9}"
EndProject
Project("{FAE04EC0-301F-11D3-BF4B-00C04F79EFBC}") = "BudgetAnalyser.Mobile.Droid", "BudgetAnalyser.Mobile\BudgetAnalyser.Mobile.Droid\BudgetAnalyser.Mobile.Droid.csproj", "{CA2BBD2D-9F60-4E8E-8B35-4E21EFFC0FF3}"
EndProject
Project("{FAE04EC0-301F-11D3-BF4B-00C04F79EFBC}") = "BudgetAnalyser.Mobile.iOS", "BudgetAnalyser.Mobile\BudgetAnalyser.Mobile.iOS\BudgetAnalyser.Mobile.iOS.csproj", "{1A844430-B69B-4F92-B1C8-CAF2BE83D2C8}"
EndProject
Project("{FAE04EC0-301F-11D3-BF4B-00C04F79EFBC}") = "BudgetAnalyser.Mobile.UWP", "BudgetAnalyser.Mobile\BudgetAnalyser.Mobile.UWP\BudgetAnalyser.Mobile.UWP.csproj", "{D5764E08-8756-410B-819F-274D61B5D875}"
EndProject
Project("{FAE04EC0-301F-11D3-BF4B-00C04F79EFBC}") = "BudgetAnalyser.Mobile", "BudgetAnalyser.Mobile\BudgetAnalyser.Mobile\BudgetAnalyser.Mobile.csproj", "{B522A104-7C7E-45FB-978E-C064A2F52223}"
EndProject
Project("{2150E333-8FDC-42A3-9474-1A3956D46DE8}") = "Mobile", "Mobile", "{C812FEAA-F0E2-4E62-99E5-6604641B7CCF}"
EndProject
Global
	GlobalSection(SolutionConfigurationPlatforms) = preSolution
		Ad-Hoc|Any CPU = Ad-Hoc|Any CPU
		Ad-Hoc|ARM = Ad-Hoc|ARM
		Ad-Hoc|iPhone = Ad-Hoc|iPhone
		Ad-Hoc|iPhoneSimulator = Ad-Hoc|iPhoneSimulator
		Ad-Hoc|x64 = Ad-Hoc|x64
		Ad-Hoc|x86 = Ad-Hoc|x86
		AppStore|Any CPU = AppStore|Any CPU
		AppStore|ARM = AppStore|ARM
		AppStore|iPhone = AppStore|iPhone
		AppStore|iPhoneSimulator = AppStore|iPhoneSimulator
		AppStore|x64 = AppStore|x64
		AppStore|x86 = AppStore|x86
		Debug|Any CPU = Debug|Any CPU
		Debug|ARM = Debug|ARM
		Debug|iPhone = Debug|iPhone
		Debug|iPhoneSimulator = Debug|iPhoneSimulator
		Debug|x64 = Debug|x64
		Debug|x86 = Debug|x86
		Release|Any CPU = Release|Any CPU
		Release|ARM = Release|ARM
		Release|iPhone = Release|iPhone
		Release|iPhoneSimulator = Release|iPhoneSimulator
		Release|x64 = Release|x64
		Release|x86 = Release|x86
	EndGlobalSection
	GlobalSection(ProjectConfigurationPlatforms) = postSolution
		{22E5FB3E-3044-4BDA-88FF-619F83EC4E99}.Ad-Hoc|Any CPU.ActiveCfg = Release|Any CPU
		{22E5FB3E-3044-4BDA-88FF-619F83EC4E99}.Ad-Hoc|Any CPU.Build.0 = Release|Any CPU
		{22E5FB3E-3044-4BDA-88FF-619F83EC4E99}.Ad-Hoc|ARM.ActiveCfg = Release|Any CPU
		{22E5FB3E-3044-4BDA-88FF-619F83EC4E99}.Ad-Hoc|ARM.Build.0 = Release|Any CPU
		{22E5FB3E-3044-4BDA-88FF-619F83EC4E99}.Ad-Hoc|iPhone.ActiveCfg = Release|Any CPU
		{22E5FB3E-3044-4BDA-88FF-619F83EC4E99}.Ad-Hoc|iPhone.Build.0 = Release|Any CPU
		{22E5FB3E-3044-4BDA-88FF-619F83EC4E99}.Ad-Hoc|iPhoneSimulator.ActiveCfg = Release|Any CPU
		{22E5FB3E-3044-4BDA-88FF-619F83EC4E99}.Ad-Hoc|iPhoneSimulator.Build.0 = Release|Any CPU
		{22E5FB3E-3044-4BDA-88FF-619F83EC4E99}.Ad-Hoc|x64.ActiveCfg = Release|Any CPU
		{22E5FB3E-3044-4BDA-88FF-619F83EC4E99}.Ad-Hoc|x64.Build.0 = Release|Any CPU
		{22E5FB3E-3044-4BDA-88FF-619F83EC4E99}.Ad-Hoc|x86.ActiveCfg = Release|x86
		{22E5FB3E-3044-4BDA-88FF-619F83EC4E99}.Ad-Hoc|x86.Build.0 = Release|x86
		{22E5FB3E-3044-4BDA-88FF-619F83EC4E99}.AppStore|Any CPU.ActiveCfg = Release|Any CPU
		{22E5FB3E-3044-4BDA-88FF-619F83EC4E99}.AppStore|Any CPU.Build.0 = Release|Any CPU
		{22E5FB3E-3044-4BDA-88FF-619F83EC4E99}.AppStore|ARM.ActiveCfg = Release|Any CPU
		{22E5FB3E-3044-4BDA-88FF-619F83EC4E99}.AppStore|ARM.Build.0 = Release|Any CPU
		{22E5FB3E-3044-4BDA-88FF-619F83EC4E99}.AppStore|iPhone.ActiveCfg = Release|Any CPU
		{22E5FB3E-3044-4BDA-88FF-619F83EC4E99}.AppStore|iPhone.Build.0 = Release|Any CPU
		{22E5FB3E-3044-4BDA-88FF-619F83EC4E99}.AppStore|iPhoneSimulator.ActiveCfg = Release|Any CPU
		{22E5FB3E-3044-4BDA-88FF-619F83EC4E99}.AppStore|iPhoneSimulator.Build.0 = Release|Any CPU
		{22E5FB3E-3044-4BDA-88FF-619F83EC4E99}.AppStore|x64.ActiveCfg = Release|Any CPU
		{22E5FB3E-3044-4BDA-88FF-619F83EC4E99}.AppStore|x64.Build.0 = Release|Any CPU
		{22E5FB3E-3044-4BDA-88FF-619F83EC4E99}.AppStore|x86.ActiveCfg = Release|x86
		{22E5FB3E-3044-4BDA-88FF-619F83EC4E99}.AppStore|x86.Build.0 = Release|x86
		{22E5FB3E-3044-4BDA-88FF-619F83EC4E99}.Debug|Any CPU.ActiveCfg = Debug|Any CPU
		{22E5FB3E-3044-4BDA-88FF-619F83EC4E99}.Debug|Any CPU.Build.0 = Debug|Any CPU
		{22E5FB3E-3044-4BDA-88FF-619F83EC4E99}.Debug|ARM.ActiveCfg = Debug|Any CPU
		{22E5FB3E-3044-4BDA-88FF-619F83EC4E99}.Debug|ARM.Build.0 = Debug|Any CPU
		{22E5FB3E-3044-4BDA-88FF-619F83EC4E99}.Debug|iPhone.ActiveCfg = Debug|Any CPU
		{22E5FB3E-3044-4BDA-88FF-619F83EC4E99}.Debug|iPhone.Build.0 = Debug|Any CPU
		{22E5FB3E-3044-4BDA-88FF-619F83EC4E99}.Debug|iPhoneSimulator.ActiveCfg = Debug|Any CPU
		{22E5FB3E-3044-4BDA-88FF-619F83EC4E99}.Debug|iPhoneSimulator.Build.0 = Debug|Any CPU
		{22E5FB3E-3044-4BDA-88FF-619F83EC4E99}.Debug|x64.ActiveCfg = Debug|Any CPU
		{22E5FB3E-3044-4BDA-88FF-619F83EC4E99}.Debug|x64.Build.0 = Debug|Any CPU
		{22E5FB3E-3044-4BDA-88FF-619F83EC4E99}.Debug|x86.ActiveCfg = Debug|Any CPU
		{22E5FB3E-3044-4BDA-88FF-619F83EC4E99}.Debug|x86.Build.0 = Debug|Any CPU
		{22E5FB3E-3044-4BDA-88FF-619F83EC4E99}.Release|Any CPU.ActiveCfg = Release|Any CPU
		{22E5FB3E-3044-4BDA-88FF-619F83EC4E99}.Release|Any CPU.Build.0 = Release|Any CPU
		{22E5FB3E-3044-4BDA-88FF-619F83EC4E99}.Release|ARM.ActiveCfg = Release|Any CPU
		{22E5FB3E-3044-4BDA-88FF-619F83EC4E99}.Release|ARM.Build.0 = Release|Any CPU
		{22E5FB3E-3044-4BDA-88FF-619F83EC4E99}.Release|iPhone.ActiveCfg = Release|Any CPU
		{22E5FB3E-3044-4BDA-88FF-619F83EC4E99}.Release|iPhone.Build.0 = Release|Any CPU
		{22E5FB3E-3044-4BDA-88FF-619F83EC4E99}.Release|iPhoneSimulator.ActiveCfg = Release|Any CPU
		{22E5FB3E-3044-4BDA-88FF-619F83EC4E99}.Release|iPhoneSimulator.Build.0 = Release|Any CPU
		{22E5FB3E-3044-4BDA-88FF-619F83EC4E99}.Release|x64.ActiveCfg = Release|Any CPU
		{22E5FB3E-3044-4BDA-88FF-619F83EC4E99}.Release|x64.Build.0 = Release|Any CPU
		{22E5FB3E-3044-4BDA-88FF-619F83EC4E99}.Release|x86.ActiveCfg = Release|Any CPU
		{22E5FB3E-3044-4BDA-88FF-619F83EC4E99}.Release|x86.Build.0 = Release|Any CPU
		{C5D0A350-D275-4E72-B17A-559801232B86}.Ad-Hoc|Any CPU.ActiveCfg = Release|Any CPU
		{C5D0A350-D275-4E72-B17A-559801232B86}.Ad-Hoc|Any CPU.Build.0 = Release|Any CPU
		{C5D0A350-D275-4E72-B17A-559801232B86}.Ad-Hoc|ARM.ActiveCfg = Release|Any CPU
		{C5D0A350-D275-4E72-B17A-559801232B86}.Ad-Hoc|ARM.Build.0 = Release|Any CPU
		{C5D0A350-D275-4E72-B17A-559801232B86}.Ad-Hoc|iPhone.ActiveCfg = Release|Any CPU
		{C5D0A350-D275-4E72-B17A-559801232B86}.Ad-Hoc|iPhone.Build.0 = Release|Any CPU
		{C5D0A350-D275-4E72-B17A-559801232B86}.Ad-Hoc|iPhoneSimulator.ActiveCfg = Release|Any CPU
		{C5D0A350-D275-4E72-B17A-559801232B86}.Ad-Hoc|iPhoneSimulator.Build.0 = Release|Any CPU
		{C5D0A350-D275-4E72-B17A-559801232B86}.Ad-Hoc|x64.ActiveCfg = Release|Any CPU
		{C5D0A350-D275-4E72-B17A-559801232B86}.Ad-Hoc|x64.Build.0 = Release|Any CPU
		{C5D0A350-D275-4E72-B17A-559801232B86}.Ad-Hoc|x86.ActiveCfg = Release|Any CPU
		{C5D0A350-D275-4E72-B17A-559801232B86}.Ad-Hoc|x86.Build.0 = Release|Any CPU
		{C5D0A350-D275-4E72-B17A-559801232B86}.AppStore|Any CPU.ActiveCfg = Release|Any CPU
		{C5D0A350-D275-4E72-B17A-559801232B86}.AppStore|Any CPU.Build.0 = Release|Any CPU
		{C5D0A350-D275-4E72-B17A-559801232B86}.AppStore|ARM.ActiveCfg = Release|Any CPU
		{C5D0A350-D275-4E72-B17A-559801232B86}.AppStore|ARM.Build.0 = Release|Any CPU
		{C5D0A350-D275-4E72-B17A-559801232B86}.AppStore|iPhone.ActiveCfg = Release|Any CPU
		{C5D0A350-D275-4E72-B17A-559801232B86}.AppStore|iPhone.Build.0 = Release|Any CPU
		{C5D0A350-D275-4E72-B17A-559801232B86}.AppStore|iPhoneSimulator.ActiveCfg = Release|Any CPU
		{C5D0A350-D275-4E72-B17A-559801232B86}.AppStore|iPhoneSimulator.Build.0 = Release|Any CPU
		{C5D0A350-D275-4E72-B17A-559801232B86}.AppStore|x64.ActiveCfg = Release|Any CPU
		{C5D0A350-D275-4E72-B17A-559801232B86}.AppStore|x64.Build.0 = Release|Any CPU
		{C5D0A350-D275-4E72-B17A-559801232B86}.AppStore|x86.ActiveCfg = Release|Any CPU
		{C5D0A350-D275-4E72-B17A-559801232B86}.AppStore|x86.Build.0 = Release|Any CPU
		{C5D0A350-D275-4E72-B17A-559801232B86}.Debug|Any CPU.ActiveCfg = Debug|Any CPU
		{C5D0A350-D275-4E72-B17A-559801232B86}.Debug|Any CPU.Build.0 = Debug|Any CPU
		{C5D0A350-D275-4E72-B17A-559801232B86}.Debug|ARM.ActiveCfg = Debug|Any CPU
		{C5D0A350-D275-4E72-B17A-559801232B86}.Debug|ARM.Build.0 = Debug|Any CPU
		{C5D0A350-D275-4E72-B17A-559801232B86}.Debug|iPhone.ActiveCfg = Debug|Any CPU
		{C5D0A350-D275-4E72-B17A-559801232B86}.Debug|iPhone.Build.0 = Debug|Any CPU
		{C5D0A350-D275-4E72-B17A-559801232B86}.Debug|iPhoneSimulator.ActiveCfg = Debug|Any CPU
		{C5D0A350-D275-4E72-B17A-559801232B86}.Debug|iPhoneSimulator.Build.0 = Debug|Any CPU
		{C5D0A350-D275-4E72-B17A-559801232B86}.Debug|x64.ActiveCfg = Debug|Any CPU
		{C5D0A350-D275-4E72-B17A-559801232B86}.Debug|x64.Build.0 = Debug|Any CPU
		{C5D0A350-D275-4E72-B17A-559801232B86}.Debug|x86.ActiveCfg = Debug|Any CPU
		{C5D0A350-D275-4E72-B17A-559801232B86}.Debug|x86.Build.0 = Debug|Any CPU
		{C5D0A350-D275-4E72-B17A-559801232B86}.Release|Any CPU.ActiveCfg = Release|Any CPU
		{C5D0A350-D275-4E72-B17A-559801232B86}.Release|Any CPU.Build.0 = Release|Any CPU
		{C5D0A350-D275-4E72-B17A-559801232B86}.Release|ARM.ActiveCfg = Release|Any CPU
		{C5D0A350-D275-4E72-B17A-559801232B86}.Release|ARM.Build.0 = Release|Any CPU
		{C5D0A350-D275-4E72-B17A-559801232B86}.Release|iPhone.ActiveCfg = Release|Any CPU
		{C5D0A350-D275-4E72-B17A-559801232B86}.Release|iPhone.Build.0 = Release|Any CPU
		{C5D0A350-D275-4E72-B17A-559801232B86}.Release|iPhoneSimulator.ActiveCfg = Release|Any CPU
		{C5D0A350-D275-4E72-B17A-559801232B86}.Release|iPhoneSimulator.Build.0 = Release|Any CPU
		{C5D0A350-D275-4E72-B17A-559801232B86}.Release|x64.ActiveCfg = Release|Any CPU
		{C5D0A350-D275-4E72-B17A-559801232B86}.Release|x64.Build.0 = Release|Any CPU
		{C5D0A350-D275-4E72-B17A-559801232B86}.Release|x86.ActiveCfg = Release|Any CPU
		{C5D0A350-D275-4E72-B17A-559801232B86}.Release|x86.Build.0 = Release|Any CPU
		{FC029FF7-868F-410C-8048-AA1BC9B36D62}.Ad-Hoc|Any CPU.ActiveCfg = Release|x86
		{FC029FF7-868F-410C-8048-AA1BC9B36D62}.Ad-Hoc|Any CPU.Build.0 = Release|x86
		{FC029FF7-868F-410C-8048-AA1BC9B36D62}.Ad-Hoc|Any CPU.Deploy.0 = Release|x86
		{FC029FF7-868F-410C-8048-AA1BC9B36D62}.Ad-Hoc|ARM.ActiveCfg = Release|ARM
		{FC029FF7-868F-410C-8048-AA1BC9B36D62}.Ad-Hoc|ARM.Build.0 = Release|ARM
		{FC029FF7-868F-410C-8048-AA1BC9B36D62}.Ad-Hoc|ARM.Deploy.0 = Release|ARM
		{FC029FF7-868F-410C-8048-AA1BC9B36D62}.Ad-Hoc|iPhone.ActiveCfg = Release|x86
		{FC029FF7-868F-410C-8048-AA1BC9B36D62}.Ad-Hoc|iPhone.Build.0 = Release|x86
		{FC029FF7-868F-410C-8048-AA1BC9B36D62}.Ad-Hoc|iPhone.Deploy.0 = Release|x86
		{FC029FF7-868F-410C-8048-AA1BC9B36D62}.Ad-Hoc|iPhoneSimulator.ActiveCfg = Release|x86
		{FC029FF7-868F-410C-8048-AA1BC9B36D62}.Ad-Hoc|iPhoneSimulator.Build.0 = Release|x86
		{FC029FF7-868F-410C-8048-AA1BC9B36D62}.Ad-Hoc|iPhoneSimulator.Deploy.0 = Release|x86
		{FC029FF7-868F-410C-8048-AA1BC9B36D62}.Ad-Hoc|x64.ActiveCfg = Release|x64
		{FC029FF7-868F-410C-8048-AA1BC9B36D62}.Ad-Hoc|x64.Build.0 = Release|x64
		{FC029FF7-868F-410C-8048-AA1BC9B36D62}.Ad-Hoc|x64.Deploy.0 = Release|x64
		{FC029FF7-868F-410C-8048-AA1BC9B36D62}.Ad-Hoc|x86.ActiveCfg = Release|x86
		{FC029FF7-868F-410C-8048-AA1BC9B36D62}.Ad-Hoc|x86.Build.0 = Release|x86
		{FC029FF7-868F-410C-8048-AA1BC9B36D62}.Ad-Hoc|x86.Deploy.0 = Release|x86
		{FC029FF7-868F-410C-8048-AA1BC9B36D62}.AppStore|Any CPU.ActiveCfg = Release|x86
		{FC029FF7-868F-410C-8048-AA1BC9B36D62}.AppStore|Any CPU.Build.0 = Release|x86
		{FC029FF7-868F-410C-8048-AA1BC9B36D62}.AppStore|Any CPU.Deploy.0 = Release|x86
		{FC029FF7-868F-410C-8048-AA1BC9B36D62}.AppStore|ARM.ActiveCfg = Release|ARM
		{FC029FF7-868F-410C-8048-AA1BC9B36D62}.AppStore|ARM.Build.0 = Release|ARM
		{FC029FF7-868F-410C-8048-AA1BC9B36D62}.AppStore|ARM.Deploy.0 = Release|ARM
		{FC029FF7-868F-410C-8048-AA1BC9B36D62}.AppStore|iPhone.ActiveCfg = Release|x86
		{FC029FF7-868F-410C-8048-AA1BC9B36D62}.AppStore|iPhone.Build.0 = Release|x86
		{FC029FF7-868F-410C-8048-AA1BC9B36D62}.AppStore|iPhone.Deploy.0 = Release|x86
		{FC029FF7-868F-410C-8048-AA1BC9B36D62}.AppStore|iPhoneSimulator.ActiveCfg = Release|x86
		{FC029FF7-868F-410C-8048-AA1BC9B36D62}.AppStore|iPhoneSimulator.Build.0 = Release|x86
		{FC029FF7-868F-410C-8048-AA1BC9B36D62}.AppStore|iPhoneSimulator.Deploy.0 = Release|x86
		{FC029FF7-868F-410C-8048-AA1BC9B36D62}.AppStore|x64.ActiveCfg = Release|x64
		{FC029FF7-868F-410C-8048-AA1BC9B36D62}.AppStore|x64.Build.0 = Release|x64
		{FC029FF7-868F-410C-8048-AA1BC9B36D62}.AppStore|x64.Deploy.0 = Release|x64
		{FC029FF7-868F-410C-8048-AA1BC9B36D62}.AppStore|x86.ActiveCfg = Release|x86
		{FC029FF7-868F-410C-8048-AA1BC9B36D62}.AppStore|x86.Build.0 = Release|x86
		{FC029FF7-868F-410C-8048-AA1BC9B36D62}.AppStore|x86.Deploy.0 = Release|x86
		{FC029FF7-868F-410C-8048-AA1BC9B36D62}.Debug|Any CPU.ActiveCfg = Debug|x64
		{FC029FF7-868F-410C-8048-AA1BC9B36D62}.Debug|Any CPU.Build.0 = Debug|x64
		{FC029FF7-868F-410C-8048-AA1BC9B36D62}.Debug|Any CPU.Deploy.0 = Debug|x64
		{FC029FF7-868F-410C-8048-AA1BC9B36D62}.Debug|ARM.ActiveCfg = Debug|ARM
		{FC029FF7-868F-410C-8048-AA1BC9B36D62}.Debug|ARM.Build.0 = Debug|ARM
		{FC029FF7-868F-410C-8048-AA1BC9B36D62}.Debug|ARM.Deploy.0 = Debug|ARM
		{FC029FF7-868F-410C-8048-AA1BC9B36D62}.Debug|iPhone.ActiveCfg = Debug|x86
		{FC029FF7-868F-410C-8048-AA1BC9B36D62}.Debug|iPhoneSimulator.ActiveCfg = Debug|x86
		{FC029FF7-868F-410C-8048-AA1BC9B36D62}.Debug|x64.ActiveCfg = Debug|x64
		{FC029FF7-868F-410C-8048-AA1BC9B36D62}.Debug|x64.Build.0 = Debug|x64
		{FC029FF7-868F-410C-8048-AA1BC9B36D62}.Debug|x64.Deploy.0 = Debug|x64
		{FC029FF7-868F-410C-8048-AA1BC9B36D62}.Debug|x86.ActiveCfg = Debug|x86
		{FC029FF7-868F-410C-8048-AA1BC9B36D62}.Debug|x86.Build.0 = Debug|x86
		{FC029FF7-868F-410C-8048-AA1BC9B36D62}.Debug|x86.Deploy.0 = Debug|x86
		{FC029FF7-868F-410C-8048-AA1BC9B36D62}.Release|Any CPU.ActiveCfg = Release|x64
		{FC029FF7-868F-410C-8048-AA1BC9B36D62}.Release|ARM.ActiveCfg = Release|ARM
		{FC029FF7-868F-410C-8048-AA1BC9B36D62}.Release|ARM.Build.0 = Release|ARM
		{FC029FF7-868F-410C-8048-AA1BC9B36D62}.Release|ARM.Deploy.0 = Release|ARM
		{FC029FF7-868F-410C-8048-AA1BC9B36D62}.Release|iPhone.ActiveCfg = Release|x86
		{FC029FF7-868F-410C-8048-AA1BC9B36D62}.Release|iPhoneSimulator.ActiveCfg = Release|x86
		{FC029FF7-868F-410C-8048-AA1BC9B36D62}.Release|x64.ActiveCfg = Release|x64
		{FC029FF7-868F-410C-8048-AA1BC9B36D62}.Release|x64.Build.0 = Release|x64
		{FC029FF7-868F-410C-8048-AA1BC9B36D62}.Release|x64.Deploy.0 = Release|x64
		{FC029FF7-868F-410C-8048-AA1BC9B36D62}.Release|x86.ActiveCfg = Release|x86
		{FC029FF7-868F-410C-8048-AA1BC9B36D62}.Release|x86.Build.0 = Release|x86
		{FC029FF7-868F-410C-8048-AA1BC9B36D62}.Release|x86.Deploy.0 = Release|x86
		{7FA4712A-2EEC-4441-BEDC-33F6DEF5E67E}.Ad-Hoc|Any CPU.ActiveCfg = Release|Any CPU
		{7FA4712A-2EEC-4441-BEDC-33F6DEF5E67E}.Ad-Hoc|Any CPU.Build.0 = Release|Any CPU
		{7FA4712A-2EEC-4441-BEDC-33F6DEF5E67E}.Ad-Hoc|ARM.ActiveCfg = Release|Any CPU
		{7FA4712A-2EEC-4441-BEDC-33F6DEF5E67E}.Ad-Hoc|ARM.Build.0 = Release|Any CPU
		{7FA4712A-2EEC-4441-BEDC-33F6DEF5E67E}.Ad-Hoc|iPhone.ActiveCfg = Release|Any CPU
		{7FA4712A-2EEC-4441-BEDC-33F6DEF5E67E}.Ad-Hoc|iPhone.Build.0 = Release|Any CPU
		{7FA4712A-2EEC-4441-BEDC-33F6DEF5E67E}.Ad-Hoc|iPhoneSimulator.ActiveCfg = Release|Any CPU
		{7FA4712A-2EEC-4441-BEDC-33F6DEF5E67E}.Ad-Hoc|iPhoneSimulator.Build.0 = Release|Any CPU
		{7FA4712A-2EEC-4441-BEDC-33F6DEF5E67E}.Ad-Hoc|x64.ActiveCfg = Release|Any CPU
		{7FA4712A-2EEC-4441-BEDC-33F6DEF5E67E}.Ad-Hoc|x64.Build.0 = Release|Any CPU
		{7FA4712A-2EEC-4441-BEDC-33F6DEF5E67E}.Ad-Hoc|x86.ActiveCfg = Release|Any CPU
		{7FA4712A-2EEC-4441-BEDC-33F6DEF5E67E}.Ad-Hoc|x86.Build.0 = Release|Any CPU
		{7FA4712A-2EEC-4441-BEDC-33F6DEF5E67E}.AppStore|Any CPU.ActiveCfg = Release|Any CPU
		{7FA4712A-2EEC-4441-BEDC-33F6DEF5E67E}.AppStore|Any CPU.Build.0 = Release|Any CPU
		{7FA4712A-2EEC-4441-BEDC-33F6DEF5E67E}.AppStore|ARM.ActiveCfg = Release|Any CPU
		{7FA4712A-2EEC-4441-BEDC-33F6DEF5E67E}.AppStore|ARM.Build.0 = Release|Any CPU
		{7FA4712A-2EEC-4441-BEDC-33F6DEF5E67E}.AppStore|iPhone.ActiveCfg = Release|Any CPU
		{7FA4712A-2EEC-4441-BEDC-33F6DEF5E67E}.AppStore|iPhone.Build.0 = Release|Any CPU
		{7FA4712A-2EEC-4441-BEDC-33F6DEF5E67E}.AppStore|iPhoneSimulator.ActiveCfg = Release|Any CPU
		{7FA4712A-2EEC-4441-BEDC-33F6DEF5E67E}.AppStore|iPhoneSimulator.Build.0 = Release|Any CPU
		{7FA4712A-2EEC-4441-BEDC-33F6DEF5E67E}.AppStore|x64.ActiveCfg = Release|Any CPU
		{7FA4712A-2EEC-4441-BEDC-33F6DEF5E67E}.AppStore|x64.Build.0 = Release|Any CPU
		{7FA4712A-2EEC-4441-BEDC-33F6DEF5E67E}.AppStore|x86.ActiveCfg = Release|Any CPU
		{7FA4712A-2EEC-4441-BEDC-33F6DEF5E67E}.AppStore|x86.Build.0 = Release|Any CPU
		{7FA4712A-2EEC-4441-BEDC-33F6DEF5E67E}.Debug|Any CPU.ActiveCfg = Debug|Any CPU
		{7FA4712A-2EEC-4441-BEDC-33F6DEF5E67E}.Debug|Any CPU.Build.0 = Debug|Any CPU
		{7FA4712A-2EEC-4441-BEDC-33F6DEF5E67E}.Debug|ARM.ActiveCfg = Debug|Any CPU
		{7FA4712A-2EEC-4441-BEDC-33F6DEF5E67E}.Debug|ARM.Build.0 = Debug|Any CPU
		{7FA4712A-2EEC-4441-BEDC-33F6DEF5E67E}.Debug|iPhone.ActiveCfg = Debug|Any CPU
		{7FA4712A-2EEC-4441-BEDC-33F6DEF5E67E}.Debug|iPhone.Build.0 = Debug|Any CPU
		{7FA4712A-2EEC-4441-BEDC-33F6DEF5E67E}.Debug|iPhoneSimulator.ActiveCfg = Debug|Any CPU
		{7FA4712A-2EEC-4441-BEDC-33F6DEF5E67E}.Debug|iPhoneSimulator.Build.0 = Debug|Any CPU
		{7FA4712A-2EEC-4441-BEDC-33F6DEF5E67E}.Debug|x64.ActiveCfg = Debug|Any CPU
		{7FA4712A-2EEC-4441-BEDC-33F6DEF5E67E}.Debug|x64.Build.0 = Debug|Any CPU
		{7FA4712A-2EEC-4441-BEDC-33F6DEF5E67E}.Debug|x86.ActiveCfg = Debug|Any CPU
		{7FA4712A-2EEC-4441-BEDC-33F6DEF5E67E}.Debug|x86.Build.0 = Debug|Any CPU
		{7FA4712A-2EEC-4441-BEDC-33F6DEF5E67E}.Release|Any CPU.ActiveCfg = Release|Any CPU
		{7FA4712A-2EEC-4441-BEDC-33F6DEF5E67E}.Release|Any CPU.Build.0 = Release|Any CPU
		{7FA4712A-2EEC-4441-BEDC-33F6DEF5E67E}.Release|ARM.ActiveCfg = Release|Any CPU
		{7FA4712A-2EEC-4441-BEDC-33F6DEF5E67E}.Release|ARM.Build.0 = Release|Any CPU
		{7FA4712A-2EEC-4441-BEDC-33F6DEF5E67E}.Release|iPhone.ActiveCfg = Release|Any CPU
		{7FA4712A-2EEC-4441-BEDC-33F6DEF5E67E}.Release|iPhone.Build.0 = Release|Any CPU
		{7FA4712A-2EEC-4441-BEDC-33F6DEF5E67E}.Release|iPhoneSimulator.ActiveCfg = Release|Any CPU
		{7FA4712A-2EEC-4441-BEDC-33F6DEF5E67E}.Release|iPhoneSimulator.Build.0 = Release|Any CPU
		{7FA4712A-2EEC-4441-BEDC-33F6DEF5E67E}.Release|x64.ActiveCfg = Release|Any CPU
		{7FA4712A-2EEC-4441-BEDC-33F6DEF5E67E}.Release|x64.Build.0 = Release|Any CPU
		{7FA4712A-2EEC-4441-BEDC-33F6DEF5E67E}.Release|x86.ActiveCfg = Release|Any CPU
		{7FA4712A-2EEC-4441-BEDC-33F6DEF5E67E}.Release|x86.Build.0 = Release|Any CPU
		{3F2F3BC6-153D-4FD5-B819-6C456BE2DC25}.Ad-Hoc|Any CPU.ActiveCfg = Release|Any CPU
		{3F2F3BC6-153D-4FD5-B819-6C456BE2DC25}.Ad-Hoc|Any CPU.Build.0 = Release|Any CPU
		{3F2F3BC6-153D-4FD5-B819-6C456BE2DC25}.Ad-Hoc|ARM.ActiveCfg = Release|Any CPU
		{3F2F3BC6-153D-4FD5-B819-6C456BE2DC25}.Ad-Hoc|ARM.Build.0 = Release|Any CPU
		{3F2F3BC6-153D-4FD5-B819-6C456BE2DC25}.Ad-Hoc|iPhone.ActiveCfg = Release|Any CPU
		{3F2F3BC6-153D-4FD5-B819-6C456BE2DC25}.Ad-Hoc|iPhone.Build.0 = Release|Any CPU
		{3F2F3BC6-153D-4FD5-B819-6C456BE2DC25}.Ad-Hoc|iPhoneSimulator.ActiveCfg = Release|Any CPU
		{3F2F3BC6-153D-4FD5-B819-6C456BE2DC25}.Ad-Hoc|iPhoneSimulator.Build.0 = Release|Any CPU
		{3F2F3BC6-153D-4FD5-B819-6C456BE2DC25}.Ad-Hoc|x64.ActiveCfg = Release|x64
		{3F2F3BC6-153D-4FD5-B819-6C456BE2DC25}.Ad-Hoc|x64.Build.0 = Release|x64
		{3F2F3BC6-153D-4FD5-B819-6C456BE2DC25}.Ad-Hoc|x86.ActiveCfg = Release|x86
		{3F2F3BC6-153D-4FD5-B819-6C456BE2DC25}.Ad-Hoc|x86.Build.0 = Release|x86
		{3F2F3BC6-153D-4FD5-B819-6C456BE2DC25}.AppStore|Any CPU.ActiveCfg = Release|Any CPU
		{3F2F3BC6-153D-4FD5-B819-6C456BE2DC25}.AppStore|Any CPU.Build.0 = Release|Any CPU
		{3F2F3BC6-153D-4FD5-B819-6C456BE2DC25}.AppStore|ARM.ActiveCfg = Release|Any CPU
		{3F2F3BC6-153D-4FD5-B819-6C456BE2DC25}.AppStore|ARM.Build.0 = Release|Any CPU
		{3F2F3BC6-153D-4FD5-B819-6C456BE2DC25}.AppStore|iPhone.ActiveCfg = Release|Any CPU
		{3F2F3BC6-153D-4FD5-B819-6C456BE2DC25}.AppStore|iPhone.Build.0 = Release|Any CPU
		{3F2F3BC6-153D-4FD5-B819-6C456BE2DC25}.AppStore|iPhoneSimulator.ActiveCfg = Release|Any CPU
		{3F2F3BC6-153D-4FD5-B819-6C456BE2DC25}.AppStore|iPhoneSimulator.Build.0 = Release|Any CPU
		{3F2F3BC6-153D-4FD5-B819-6C456BE2DC25}.AppStore|x64.ActiveCfg = Release|x64
		{3F2F3BC6-153D-4FD5-B819-6C456BE2DC25}.AppStore|x64.Build.0 = Release|x64
		{3F2F3BC6-153D-4FD5-B819-6C456BE2DC25}.AppStore|x86.ActiveCfg = Release|x86
		{3F2F3BC6-153D-4FD5-B819-6C456BE2DC25}.AppStore|x86.Build.0 = Release|x86
		{3F2F3BC6-153D-4FD5-B819-6C456BE2DC25}.Debug|Any CPU.ActiveCfg = Debug|Any CPU
		{3F2F3BC6-153D-4FD5-B819-6C456BE2DC25}.Debug|Any CPU.Build.0 = Debug|Any CPU
		{3F2F3BC6-153D-4FD5-B819-6C456BE2DC25}.Debug|ARM.ActiveCfg = Debug|Any CPU
		{3F2F3BC6-153D-4FD5-B819-6C456BE2DC25}.Debug|ARM.Build.0 = Debug|Any CPU
		{3F2F3BC6-153D-4FD5-B819-6C456BE2DC25}.Debug|iPhone.ActiveCfg = Debug|Any CPU
		{3F2F3BC6-153D-4FD5-B819-6C456BE2DC25}.Debug|iPhone.Build.0 = Debug|Any CPU
		{3F2F3BC6-153D-4FD5-B819-6C456BE2DC25}.Debug|iPhoneSimulator.ActiveCfg = Debug|Any CPU
		{3F2F3BC6-153D-4FD5-B819-6C456BE2DC25}.Debug|iPhoneSimulator.Build.0 = Debug|Any CPU
		{3F2F3BC6-153D-4FD5-B819-6C456BE2DC25}.Debug|x64.ActiveCfg = Debug|x64
		{3F2F3BC6-153D-4FD5-B819-6C456BE2DC25}.Debug|x64.Build.0 = Debug|x64
		{3F2F3BC6-153D-4FD5-B819-6C456BE2DC25}.Debug|x86.ActiveCfg = Debug|x86
		{3F2F3BC6-153D-4FD5-B819-6C456BE2DC25}.Debug|x86.Build.0 = Debug|x86
		{3F2F3BC6-153D-4FD5-B819-6C456BE2DC25}.Release|Any CPU.ActiveCfg = Release|Any CPU
		{3F2F3BC6-153D-4FD5-B819-6C456BE2DC25}.Release|Any CPU.Build.0 = Release|Any CPU
		{3F2F3BC6-153D-4FD5-B819-6C456BE2DC25}.Release|ARM.ActiveCfg = Release|Any CPU
		{3F2F3BC6-153D-4FD5-B819-6C456BE2DC25}.Release|ARM.Build.0 = Release|Any CPU
		{3F2F3BC6-153D-4FD5-B819-6C456BE2DC25}.Release|iPhone.ActiveCfg = Release|Any CPU
		{3F2F3BC6-153D-4FD5-B819-6C456BE2DC25}.Release|iPhone.Build.0 = Release|Any CPU
		{3F2F3BC6-153D-4FD5-B819-6C456BE2DC25}.Release|iPhoneSimulator.ActiveCfg = Release|Any CPU
		{3F2F3BC6-153D-4FD5-B819-6C456BE2DC25}.Release|iPhoneSimulator.Build.0 = Release|Any CPU
		{3F2F3BC6-153D-4FD5-B819-6C456BE2DC25}.Release|x64.ActiveCfg = Release|x64
		{3F2F3BC6-153D-4FD5-B819-6C456BE2DC25}.Release|x64.Build.0 = Release|x64
		{3F2F3BC6-153D-4FD5-B819-6C456BE2DC25}.Release|x86.ActiveCfg = Release|x86
		{3F2F3BC6-153D-4FD5-B819-6C456BE2DC25}.Release|x86.Build.0 = Release|x86
		{F6BEE529-FA66-4BCD-938B-49677225AFF9}.Ad-Hoc|Any CPU.ActiveCfg = Release|Any CPU
		{F6BEE529-FA66-4BCD-938B-49677225AFF9}.Ad-Hoc|Any CPU.Build.0 = Release|Any CPU
		{F6BEE529-FA66-4BCD-938B-49677225AFF9}.Ad-Hoc|ARM.ActiveCfg = Release|Any CPU
		{F6BEE529-FA66-4BCD-938B-49677225AFF9}.Ad-Hoc|ARM.Build.0 = Release|Any CPU
		{F6BEE529-FA66-4BCD-938B-49677225AFF9}.Ad-Hoc|iPhone.ActiveCfg = Release|Any CPU
		{F6BEE529-FA66-4BCD-938B-49677225AFF9}.Ad-Hoc|iPhone.Build.0 = Release|Any CPU
		{F6BEE529-FA66-4BCD-938B-49677225AFF9}.Ad-Hoc|iPhoneSimulator.ActiveCfg = Release|Any CPU
		{F6BEE529-FA66-4BCD-938B-49677225AFF9}.Ad-Hoc|iPhoneSimulator.Build.0 = Release|Any CPU
		{F6BEE529-FA66-4BCD-938B-49677225AFF9}.Ad-Hoc|x64.ActiveCfg = Release|x64
		{F6BEE529-FA66-4BCD-938B-49677225AFF9}.Ad-Hoc|x64.Build.0 = Release|x64
		{F6BEE529-FA66-4BCD-938B-49677225AFF9}.Ad-Hoc|x86.ActiveCfg = Release|x86
		{F6BEE529-FA66-4BCD-938B-49677225AFF9}.Ad-Hoc|x86.Build.0 = Release|x86
		{F6BEE529-FA66-4BCD-938B-49677225AFF9}.AppStore|Any CPU.ActiveCfg = Release|Any CPU
		{F6BEE529-FA66-4BCD-938B-49677225AFF9}.AppStore|Any CPU.Build.0 = Release|Any CPU
		{F6BEE529-FA66-4BCD-938B-49677225AFF9}.AppStore|ARM.ActiveCfg = Release|Any CPU
		{F6BEE529-FA66-4BCD-938B-49677225AFF9}.AppStore|ARM.Build.0 = Release|Any CPU
		{F6BEE529-FA66-4BCD-938B-49677225AFF9}.AppStore|iPhone.ActiveCfg = Release|Any CPU
		{F6BEE529-FA66-4BCD-938B-49677225AFF9}.AppStore|iPhone.Build.0 = Release|Any CPU
		{F6BEE529-FA66-4BCD-938B-49677225AFF9}.AppStore|iPhoneSimulator.ActiveCfg = Release|Any CPU
		{F6BEE529-FA66-4BCD-938B-49677225AFF9}.AppStore|iPhoneSimulator.Build.0 = Release|Any CPU
		{F6BEE529-FA66-4BCD-938B-49677225AFF9}.AppStore|x64.ActiveCfg = Release|x64
		{F6BEE529-FA66-4BCD-938B-49677225AFF9}.AppStore|x64.Build.0 = Release|x64
		{F6BEE529-FA66-4BCD-938B-49677225AFF9}.AppStore|x86.ActiveCfg = Release|x86
		{F6BEE529-FA66-4BCD-938B-49677225AFF9}.AppStore|x86.Build.0 = Release|x86
		{F6BEE529-FA66-4BCD-938B-49677225AFF9}.Debug|Any CPU.ActiveCfg = Debug|Any CPU
		{F6BEE529-FA66-4BCD-938B-49677225AFF9}.Debug|ARM.ActiveCfg = Debug|Any CPU
		{F6BEE529-FA66-4BCD-938B-49677225AFF9}.Debug|ARM.Build.0 = Debug|Any CPU
		{F6BEE529-FA66-4BCD-938B-49677225AFF9}.Debug|iPhone.ActiveCfg = Debug|Any CPU
		{F6BEE529-FA66-4BCD-938B-49677225AFF9}.Debug|iPhone.Build.0 = Debug|Any CPU
		{F6BEE529-FA66-4BCD-938B-49677225AFF9}.Debug|iPhoneSimulator.ActiveCfg = Debug|Any CPU
		{F6BEE529-FA66-4BCD-938B-49677225AFF9}.Debug|iPhoneSimulator.Build.0 = Debug|Any CPU
		{F6BEE529-FA66-4BCD-938B-49677225AFF9}.Debug|x64.ActiveCfg = Debug|x64
		{F6BEE529-FA66-4BCD-938B-49677225AFF9}.Debug|x64.Build.0 = Debug|x64
		{F6BEE529-FA66-4BCD-938B-49677225AFF9}.Debug|x86.ActiveCfg = Debug|x86
		{F6BEE529-FA66-4BCD-938B-49677225AFF9}.Debug|x86.Build.0 = Debug|x86
		{F6BEE529-FA66-4BCD-938B-49677225AFF9}.Release|Any CPU.ActiveCfg = Release|Any CPU
		{F6BEE529-FA66-4BCD-938B-49677225AFF9}.Release|ARM.ActiveCfg = Release|Any CPU
		{F6BEE529-FA66-4BCD-938B-49677225AFF9}.Release|ARM.Build.0 = Release|Any CPU
		{F6BEE529-FA66-4BCD-938B-49677225AFF9}.Release|iPhone.ActiveCfg = Release|Any CPU
		{F6BEE529-FA66-4BCD-938B-49677225AFF9}.Release|iPhone.Build.0 = Release|Any CPU
		{F6BEE529-FA66-4BCD-938B-49677225AFF9}.Release|iPhoneSimulator.ActiveCfg = Release|Any CPU
		{F6BEE529-FA66-4BCD-938B-49677225AFF9}.Release|iPhoneSimulator.Build.0 = Release|Any CPU
		{F6BEE529-FA66-4BCD-938B-49677225AFF9}.Release|x64.ActiveCfg = Release|x64
		{F6BEE529-FA66-4BCD-938B-49677225AFF9}.Release|x64.Build.0 = Release|x64
		{F6BEE529-FA66-4BCD-938B-49677225AFF9}.Release|x86.ActiveCfg = Release|x86
		{F6BEE529-FA66-4BCD-938B-49677225AFF9}.Release|x86.Build.0 = Release|x86
		{CA2BBD2D-9F60-4E8E-8B35-4E21EFFC0FF3}.Ad-Hoc|Any CPU.ActiveCfg = Release|Any CPU
		{CA2BBD2D-9F60-4E8E-8B35-4E21EFFC0FF3}.Ad-Hoc|Any CPU.Build.0 = Release|Any CPU
		{CA2BBD2D-9F60-4E8E-8B35-4E21EFFC0FF3}.Ad-Hoc|Any CPU.Deploy.0 = Release|Any CPU
		{CA2BBD2D-9F60-4E8E-8B35-4E21EFFC0FF3}.Ad-Hoc|ARM.ActiveCfg = Release|Any CPU
		{CA2BBD2D-9F60-4E8E-8B35-4E21EFFC0FF3}.Ad-Hoc|ARM.Build.0 = Release|Any CPU
		{CA2BBD2D-9F60-4E8E-8B35-4E21EFFC0FF3}.Ad-Hoc|ARM.Deploy.0 = Release|Any CPU
		{CA2BBD2D-9F60-4E8E-8B35-4E21EFFC0FF3}.Ad-Hoc|iPhone.ActiveCfg = Release|Any CPU
		{CA2BBD2D-9F60-4E8E-8B35-4E21EFFC0FF3}.Ad-Hoc|iPhone.Build.0 = Release|Any CPU
		{CA2BBD2D-9F60-4E8E-8B35-4E21EFFC0FF3}.Ad-Hoc|iPhone.Deploy.0 = Release|Any CPU
		{CA2BBD2D-9F60-4E8E-8B35-4E21EFFC0FF3}.Ad-Hoc|iPhoneSimulator.ActiveCfg = Release|Any CPU
		{CA2BBD2D-9F60-4E8E-8B35-4E21EFFC0FF3}.Ad-Hoc|iPhoneSimulator.Build.0 = Release|Any CPU
		{CA2BBD2D-9F60-4E8E-8B35-4E21EFFC0FF3}.Ad-Hoc|iPhoneSimulator.Deploy.0 = Release|Any CPU
		{CA2BBD2D-9F60-4E8E-8B35-4E21EFFC0FF3}.Ad-Hoc|x64.ActiveCfg = Release|Any CPU
		{CA2BBD2D-9F60-4E8E-8B35-4E21EFFC0FF3}.Ad-Hoc|x64.Build.0 = Release|Any CPU
		{CA2BBD2D-9F60-4E8E-8B35-4E21EFFC0FF3}.Ad-Hoc|x64.Deploy.0 = Release|Any CPU
		{CA2BBD2D-9F60-4E8E-8B35-4E21EFFC0FF3}.Ad-Hoc|x86.ActiveCfg = Release|Any CPU
		{CA2BBD2D-9F60-4E8E-8B35-4E21EFFC0FF3}.Ad-Hoc|x86.Build.0 = Release|Any CPU
		{CA2BBD2D-9F60-4E8E-8B35-4E21EFFC0FF3}.Ad-Hoc|x86.Deploy.0 = Release|Any CPU
		{CA2BBD2D-9F60-4E8E-8B35-4E21EFFC0FF3}.AppStore|Any CPU.ActiveCfg = Release|Any CPU
		{CA2BBD2D-9F60-4E8E-8B35-4E21EFFC0FF3}.AppStore|Any CPU.Build.0 = Release|Any CPU
		{CA2BBD2D-9F60-4E8E-8B35-4E21EFFC0FF3}.AppStore|Any CPU.Deploy.0 = Release|Any CPU
		{CA2BBD2D-9F60-4E8E-8B35-4E21EFFC0FF3}.AppStore|ARM.ActiveCfg = Release|Any CPU
		{CA2BBD2D-9F60-4E8E-8B35-4E21EFFC0FF3}.AppStore|ARM.Build.0 = Release|Any CPU
		{CA2BBD2D-9F60-4E8E-8B35-4E21EFFC0FF3}.AppStore|ARM.Deploy.0 = Release|Any CPU
		{CA2BBD2D-9F60-4E8E-8B35-4E21EFFC0FF3}.AppStore|iPhone.ActiveCfg = Release|Any CPU
		{CA2BBD2D-9F60-4E8E-8B35-4E21EFFC0FF3}.AppStore|iPhone.Build.0 = Release|Any CPU
		{CA2BBD2D-9F60-4E8E-8B35-4E21EFFC0FF3}.AppStore|iPhone.Deploy.0 = Release|Any CPU
		{CA2BBD2D-9F60-4E8E-8B35-4E21EFFC0FF3}.AppStore|iPhoneSimulator.ActiveCfg = Release|Any CPU
		{CA2BBD2D-9F60-4E8E-8B35-4E21EFFC0FF3}.AppStore|iPhoneSimulator.Build.0 = Release|Any CPU
		{CA2BBD2D-9F60-4E8E-8B35-4E21EFFC0FF3}.AppStore|iPhoneSimulator.Deploy.0 = Release|Any CPU
		{CA2BBD2D-9F60-4E8E-8B35-4E21EFFC0FF3}.AppStore|x64.ActiveCfg = Release|Any CPU
		{CA2BBD2D-9F60-4E8E-8B35-4E21EFFC0FF3}.AppStore|x64.Build.0 = Release|Any CPU
		{CA2BBD2D-9F60-4E8E-8B35-4E21EFFC0FF3}.AppStore|x64.Deploy.0 = Release|Any CPU
		{CA2BBD2D-9F60-4E8E-8B35-4E21EFFC0FF3}.AppStore|x86.ActiveCfg = Release|Any CPU
		{CA2BBD2D-9F60-4E8E-8B35-4E21EFFC0FF3}.AppStore|x86.Build.0 = Release|Any CPU
		{CA2BBD2D-9F60-4E8E-8B35-4E21EFFC0FF3}.AppStore|x86.Deploy.0 = Release|Any CPU
		{CA2BBD2D-9F60-4E8E-8B35-4E21EFFC0FF3}.Debug|Any CPU.ActiveCfg = Debug|Any CPU
		{CA2BBD2D-9F60-4E8E-8B35-4E21EFFC0FF3}.Debug|Any CPU.Build.0 = Debug|Any CPU
		{CA2BBD2D-9F60-4E8E-8B35-4E21EFFC0FF3}.Debug|Any CPU.Deploy.0 = Debug|Any CPU
		{CA2BBD2D-9F60-4E8E-8B35-4E21EFFC0FF3}.Debug|ARM.ActiveCfg = Debug|Any CPU
		{CA2BBD2D-9F60-4E8E-8B35-4E21EFFC0FF3}.Debug|ARM.Build.0 = Debug|Any CPU
		{CA2BBD2D-9F60-4E8E-8B35-4E21EFFC0FF3}.Debug|ARM.Deploy.0 = Debug|Any CPU
		{CA2BBD2D-9F60-4E8E-8B35-4E21EFFC0FF3}.Debug|iPhone.ActiveCfg = Debug|Any CPU
		{CA2BBD2D-9F60-4E8E-8B35-4E21EFFC0FF3}.Debug|iPhone.Build.0 = Debug|Any CPU
		{CA2BBD2D-9F60-4E8E-8B35-4E21EFFC0FF3}.Debug|iPhone.Deploy.0 = Debug|Any CPU
		{CA2BBD2D-9F60-4E8E-8B35-4E21EFFC0FF3}.Debug|iPhoneSimulator.ActiveCfg = Debug|Any CPU
		{CA2BBD2D-9F60-4E8E-8B35-4E21EFFC0FF3}.Debug|iPhoneSimulator.Build.0 = Debug|Any CPU
		{CA2BBD2D-9F60-4E8E-8B35-4E21EFFC0FF3}.Debug|iPhoneSimulator.Deploy.0 = Debug|Any CPU
		{CA2BBD2D-9F60-4E8E-8B35-4E21EFFC0FF3}.Debug|x64.ActiveCfg = Debug|Any CPU
		{CA2BBD2D-9F60-4E8E-8B35-4E21EFFC0FF3}.Debug|x64.Build.0 = Debug|Any CPU
		{CA2BBD2D-9F60-4E8E-8B35-4E21EFFC0FF3}.Debug|x64.Deploy.0 = Debug|Any CPU
		{CA2BBD2D-9F60-4E8E-8B35-4E21EFFC0FF3}.Debug|x86.ActiveCfg = Debug|Any CPU
		{CA2BBD2D-9F60-4E8E-8B35-4E21EFFC0FF3}.Debug|x86.Build.0 = Debug|Any CPU
		{CA2BBD2D-9F60-4E8E-8B35-4E21EFFC0FF3}.Debug|x86.Deploy.0 = Debug|Any CPU
		{CA2BBD2D-9F60-4E8E-8B35-4E21EFFC0FF3}.Release|Any CPU.ActiveCfg = Release|Any CPU
		{CA2BBD2D-9F60-4E8E-8B35-4E21EFFC0FF3}.Release|Any CPU.Build.0 = Release|Any CPU
		{CA2BBD2D-9F60-4E8E-8B35-4E21EFFC0FF3}.Release|Any CPU.Deploy.0 = Release|Any CPU
		{CA2BBD2D-9F60-4E8E-8B35-4E21EFFC0FF3}.Release|ARM.ActiveCfg = Release|Any CPU
		{CA2BBD2D-9F60-4E8E-8B35-4E21EFFC0FF3}.Release|ARM.Build.0 = Release|Any CPU
		{CA2BBD2D-9F60-4E8E-8B35-4E21EFFC0FF3}.Release|ARM.Deploy.0 = Release|Any CPU
		{CA2BBD2D-9F60-4E8E-8B35-4E21EFFC0FF3}.Release|iPhone.ActiveCfg = Release|Any CPU
		{CA2BBD2D-9F60-4E8E-8B35-4E21EFFC0FF3}.Release|iPhone.Build.0 = Release|Any CPU
		{CA2BBD2D-9F60-4E8E-8B35-4E21EFFC0FF3}.Release|iPhone.Deploy.0 = Release|Any CPU
		{CA2BBD2D-9F60-4E8E-8B35-4E21EFFC0FF3}.Release|iPhoneSimulator.ActiveCfg = Release|Any CPU
		{CA2BBD2D-9F60-4E8E-8B35-4E21EFFC0FF3}.Release|iPhoneSimulator.Build.0 = Release|Any CPU
		{CA2BBD2D-9F60-4E8E-8B35-4E21EFFC0FF3}.Release|iPhoneSimulator.Deploy.0 = Release|Any CPU
		{CA2BBD2D-9F60-4E8E-8B35-4E21EFFC0FF3}.Release|x64.ActiveCfg = Release|Any CPU
		{CA2BBD2D-9F60-4E8E-8B35-4E21EFFC0FF3}.Release|x64.Build.0 = Release|Any CPU
		{CA2BBD2D-9F60-4E8E-8B35-4E21EFFC0FF3}.Release|x64.Deploy.0 = Release|Any CPU
		{CA2BBD2D-9F60-4E8E-8B35-4E21EFFC0FF3}.Release|x86.ActiveCfg = Release|Any CPU
		{CA2BBD2D-9F60-4E8E-8B35-4E21EFFC0FF3}.Release|x86.Build.0 = Release|Any CPU
		{CA2BBD2D-9F60-4E8E-8B35-4E21EFFC0FF3}.Release|x86.Deploy.0 = Release|Any CPU
		{1A844430-B69B-4F92-B1C8-CAF2BE83D2C8}.Ad-Hoc|Any CPU.ActiveCfg = Ad-Hoc|iPhone
		{1A844430-B69B-4F92-B1C8-CAF2BE83D2C8}.Ad-Hoc|ARM.ActiveCfg = Ad-Hoc|iPhone
		{1A844430-B69B-4F92-B1C8-CAF2BE83D2C8}.Ad-Hoc|iPhone.ActiveCfg = Ad-Hoc|iPhone
		{1A844430-B69B-4F92-B1C8-CAF2BE83D2C8}.Ad-Hoc|iPhone.Build.0 = Ad-Hoc|iPhone
		{1A844430-B69B-4F92-B1C8-CAF2BE83D2C8}.Ad-Hoc|iPhoneSimulator.ActiveCfg = Ad-Hoc|iPhoneSimulator
		{1A844430-B69B-4F92-B1C8-CAF2BE83D2C8}.Ad-Hoc|iPhoneSimulator.Build.0 = Ad-Hoc|iPhoneSimulator
		{1A844430-B69B-4F92-B1C8-CAF2BE83D2C8}.Ad-Hoc|x64.ActiveCfg = Ad-Hoc|iPhone
		{1A844430-B69B-4F92-B1C8-CAF2BE83D2C8}.Ad-Hoc|x86.ActiveCfg = Ad-Hoc|iPhone
		{1A844430-B69B-4F92-B1C8-CAF2BE83D2C8}.AppStore|Any CPU.ActiveCfg = AppStore|iPhone
		{1A844430-B69B-4F92-B1C8-CAF2BE83D2C8}.AppStore|ARM.ActiveCfg = AppStore|iPhone
		{1A844430-B69B-4F92-B1C8-CAF2BE83D2C8}.AppStore|iPhone.ActiveCfg = AppStore|iPhone
		{1A844430-B69B-4F92-B1C8-CAF2BE83D2C8}.AppStore|iPhone.Build.0 = AppStore|iPhone
		{1A844430-B69B-4F92-B1C8-CAF2BE83D2C8}.AppStore|iPhoneSimulator.ActiveCfg = AppStore|iPhoneSimulator
		{1A844430-B69B-4F92-B1C8-CAF2BE83D2C8}.AppStore|iPhoneSimulator.Build.0 = AppStore|iPhoneSimulator
		{1A844430-B69B-4F92-B1C8-CAF2BE83D2C8}.AppStore|x64.ActiveCfg = AppStore|iPhone
		{1A844430-B69B-4F92-B1C8-CAF2BE83D2C8}.AppStore|x86.ActiveCfg = AppStore|iPhone
		{1A844430-B69B-4F92-B1C8-CAF2BE83D2C8}.Debug|Any CPU.ActiveCfg = Debug|iPhone
		{1A844430-B69B-4F92-B1C8-CAF2BE83D2C8}.Debug|ARM.ActiveCfg = Debug|iPhone
		{1A844430-B69B-4F92-B1C8-CAF2BE83D2C8}.Debug|iPhone.ActiveCfg = Debug|iPhone
		{1A844430-B69B-4F92-B1C8-CAF2BE83D2C8}.Debug|iPhone.Build.0 = Debug|iPhone
		{1A844430-B69B-4F92-B1C8-CAF2BE83D2C8}.Debug|iPhoneSimulator.ActiveCfg = Debug|iPhoneSimulator
		{1A844430-B69B-4F92-B1C8-CAF2BE83D2C8}.Debug|iPhoneSimulator.Build.0 = Debug|iPhoneSimulator
		{1A844430-B69B-4F92-B1C8-CAF2BE83D2C8}.Debug|x64.ActiveCfg = Debug|iPhone
		{1A844430-B69B-4F92-B1C8-CAF2BE83D2C8}.Debug|x86.ActiveCfg = Debug|iPhone
		{1A844430-B69B-4F92-B1C8-CAF2BE83D2C8}.Release|Any CPU.ActiveCfg = Release|iPhone
		{1A844430-B69B-4F92-B1C8-CAF2BE83D2C8}.Release|ARM.ActiveCfg = Release|iPhone
		{1A844430-B69B-4F92-B1C8-CAF2BE83D2C8}.Release|iPhone.ActiveCfg = Release|iPhone
		{1A844430-B69B-4F92-B1C8-CAF2BE83D2C8}.Release|iPhone.Build.0 = Release|iPhone
		{1A844430-B69B-4F92-B1C8-CAF2BE83D2C8}.Release|iPhoneSimulator.ActiveCfg = Release|iPhoneSimulator
		{1A844430-B69B-4F92-B1C8-CAF2BE83D2C8}.Release|iPhoneSimulator.Build.0 = Release|iPhoneSimulator
		{1A844430-B69B-4F92-B1C8-CAF2BE83D2C8}.Release|x64.ActiveCfg = Release|iPhone
		{1A844430-B69B-4F92-B1C8-CAF2BE83D2C8}.Release|x86.ActiveCfg = Release|iPhone
		{D5764E08-8756-410B-819F-274D61B5D875}.Ad-Hoc|Any CPU.ActiveCfg = Release|x86
		{D5764E08-8756-410B-819F-274D61B5D875}.Ad-Hoc|Any CPU.Build.0 = Release|x86
		{D5764E08-8756-410B-819F-274D61B5D875}.Ad-Hoc|Any CPU.Deploy.0 = Release|x86
		{D5764E08-8756-410B-819F-274D61B5D875}.Ad-Hoc|ARM.ActiveCfg = Release|ARM
		{D5764E08-8756-410B-819F-274D61B5D875}.Ad-Hoc|ARM.Build.0 = Release|ARM
		{D5764E08-8756-410B-819F-274D61B5D875}.Ad-Hoc|ARM.Deploy.0 = Release|ARM
		{D5764E08-8756-410B-819F-274D61B5D875}.Ad-Hoc|iPhone.ActiveCfg = Release|x86
		{D5764E08-8756-410B-819F-274D61B5D875}.Ad-Hoc|iPhone.Build.0 = Release|x86
		{D5764E08-8756-410B-819F-274D61B5D875}.Ad-Hoc|iPhone.Deploy.0 = Release|x86
		{D5764E08-8756-410B-819F-274D61B5D875}.Ad-Hoc|iPhoneSimulator.ActiveCfg = Release|x86
		{D5764E08-8756-410B-819F-274D61B5D875}.Ad-Hoc|iPhoneSimulator.Build.0 = Release|x86
		{D5764E08-8756-410B-819F-274D61B5D875}.Ad-Hoc|iPhoneSimulator.Deploy.0 = Release|x86
		{D5764E08-8756-410B-819F-274D61B5D875}.Ad-Hoc|x64.ActiveCfg = Release|x64
		{D5764E08-8756-410B-819F-274D61B5D875}.Ad-Hoc|x64.Build.0 = Release|x64
		{D5764E08-8756-410B-819F-274D61B5D875}.Ad-Hoc|x64.Deploy.0 = Release|x64
		{D5764E08-8756-410B-819F-274D61B5D875}.Ad-Hoc|x86.ActiveCfg = Release|x86
		{D5764E08-8756-410B-819F-274D61B5D875}.Ad-Hoc|x86.Build.0 = Release|x86
		{D5764E08-8756-410B-819F-274D61B5D875}.Ad-Hoc|x86.Deploy.0 = Release|x86
		{D5764E08-8756-410B-819F-274D61B5D875}.AppStore|Any CPU.ActiveCfg = Release|x86
		{D5764E08-8756-410B-819F-274D61B5D875}.AppStore|Any CPU.Build.0 = Release|x86
		{D5764E08-8756-410B-819F-274D61B5D875}.AppStore|Any CPU.Deploy.0 = Release|x86
		{D5764E08-8756-410B-819F-274D61B5D875}.AppStore|ARM.ActiveCfg = Release|ARM
		{D5764E08-8756-410B-819F-274D61B5D875}.AppStore|ARM.Build.0 = Release|ARM
		{D5764E08-8756-410B-819F-274D61B5D875}.AppStore|ARM.Deploy.0 = Release|ARM
		{D5764E08-8756-410B-819F-274D61B5D875}.AppStore|iPhone.ActiveCfg = Release|x86
		{D5764E08-8756-410B-819F-274D61B5D875}.AppStore|iPhone.Build.0 = Release|x86
		{D5764E08-8756-410B-819F-274D61B5D875}.AppStore|iPhone.Deploy.0 = Release|x86
		{D5764E08-8756-410B-819F-274D61B5D875}.AppStore|iPhoneSimulator.ActiveCfg = Release|x86
		{D5764E08-8756-410B-819F-274D61B5D875}.AppStore|iPhoneSimulator.Build.0 = Release|x86
		{D5764E08-8756-410B-819F-274D61B5D875}.AppStore|iPhoneSimulator.Deploy.0 = Release|x86
		{D5764E08-8756-410B-819F-274D61B5D875}.AppStore|x64.ActiveCfg = Release|x64
		{D5764E08-8756-410B-819F-274D61B5D875}.AppStore|x64.Build.0 = Release|x64
		{D5764E08-8756-410B-819F-274D61B5D875}.AppStore|x64.Deploy.0 = Release|x64
		{D5764E08-8756-410B-819F-274D61B5D875}.AppStore|x86.ActiveCfg = Release|x86
		{D5764E08-8756-410B-819F-274D61B5D875}.AppStore|x86.Build.0 = Release|x86
		{D5764E08-8756-410B-819F-274D61B5D875}.AppStore|x86.Deploy.0 = Release|x86
		{D5764E08-8756-410B-819F-274D61B5D875}.Debug|Any CPU.ActiveCfg = Debug|x86
		{D5764E08-8756-410B-819F-274D61B5D875}.Debug|Any CPU.Build.0 = Debug|x86
		{D5764E08-8756-410B-819F-274D61B5D875}.Debug|Any CPU.Deploy.0 = Debug|x86
		{D5764E08-8756-410B-819F-274D61B5D875}.Debug|ARM.ActiveCfg = Debug|ARM
		{D5764E08-8756-410B-819F-274D61B5D875}.Debug|ARM.Build.0 = Debug|ARM
		{D5764E08-8756-410B-819F-274D61B5D875}.Debug|ARM.Deploy.0 = Debug|ARM
		{D5764E08-8756-410B-819F-274D61B5D875}.Debug|iPhone.ActiveCfg = Debug|x86
		{D5764E08-8756-410B-819F-274D61B5D875}.Debug|iPhoneSimulator.ActiveCfg = Debug|x86
		{D5764E08-8756-410B-819F-274D61B5D875}.Debug|x64.ActiveCfg = Debug|x64
		{D5764E08-8756-410B-819F-274D61B5D875}.Debug|x64.Build.0 = Debug|x64
		{D5764E08-8756-410B-819F-274D61B5D875}.Debug|x64.Deploy.0 = Debug|x64
		{D5764E08-8756-410B-819F-274D61B5D875}.Debug|x86.ActiveCfg = Debug|x86
		{D5764E08-8756-410B-819F-274D61B5D875}.Debug|x86.Build.0 = Debug|x86
		{D5764E08-8756-410B-819F-274D61B5D875}.Debug|x86.Deploy.0 = Debug|x86
		{D5764E08-8756-410B-819F-274D61B5D875}.Release|Any CPU.ActiveCfg = Release|x86
		{D5764E08-8756-410B-819F-274D61B5D875}.Release|ARM.ActiveCfg = Release|ARM
		{D5764E08-8756-410B-819F-274D61B5D875}.Release|ARM.Build.0 = Release|ARM
		{D5764E08-8756-410B-819F-274D61B5D875}.Release|ARM.Deploy.0 = Release|ARM
		{D5764E08-8756-410B-819F-274D61B5D875}.Release|iPhone.ActiveCfg = Release|x86
		{D5764E08-8756-410B-819F-274D61B5D875}.Release|iPhoneSimulator.ActiveCfg = Release|x86
		{D5764E08-8756-410B-819F-274D61B5D875}.Release|x64.ActiveCfg = Release|x64
		{D5764E08-8756-410B-819F-274D61B5D875}.Release|x64.Build.0 = Release|x64
		{D5764E08-8756-410B-819F-274D61B5D875}.Release|x64.Deploy.0 = Release|x64
		{D5764E08-8756-410B-819F-274D61B5D875}.Release|x86.ActiveCfg = Release|x86
		{D5764E08-8756-410B-819F-274D61B5D875}.Release|x86.Build.0 = Release|x86
		{D5764E08-8756-410B-819F-274D61B5D875}.Release|x86.Deploy.0 = Release|x86
		{B522A104-7C7E-45FB-978E-C064A2F52223}.Ad-Hoc|Any CPU.ActiveCfg = Release|Any CPU
		{B522A104-7C7E-45FB-978E-C064A2F52223}.Ad-Hoc|Any CPU.Build.0 = Release|Any CPU
		{B522A104-7C7E-45FB-978E-C064A2F52223}.Ad-Hoc|ARM.ActiveCfg = Release|Any CPU
		{B522A104-7C7E-45FB-978E-C064A2F52223}.Ad-Hoc|ARM.Build.0 = Release|Any CPU
		{B522A104-7C7E-45FB-978E-C064A2F52223}.Ad-Hoc|iPhone.ActiveCfg = Release|Any CPU
		{B522A104-7C7E-45FB-978E-C064A2F52223}.Ad-Hoc|iPhone.Build.0 = Release|Any CPU
		{B522A104-7C7E-45FB-978E-C064A2F52223}.Ad-Hoc|iPhoneSimulator.ActiveCfg = Release|Any CPU
		{B522A104-7C7E-45FB-978E-C064A2F52223}.Ad-Hoc|iPhoneSimulator.Build.0 = Release|Any CPU
		{B522A104-7C7E-45FB-978E-C064A2F52223}.Ad-Hoc|x64.ActiveCfg = Release|Any CPU
		{B522A104-7C7E-45FB-978E-C064A2F52223}.Ad-Hoc|x64.Build.0 = Release|Any CPU
		{B522A104-7C7E-45FB-978E-C064A2F52223}.Ad-Hoc|x86.ActiveCfg = Release|Any CPU
		{B522A104-7C7E-45FB-978E-C064A2F52223}.Ad-Hoc|x86.Build.0 = Release|Any CPU
		{B522A104-7C7E-45FB-978E-C064A2F52223}.AppStore|Any CPU.ActiveCfg = Release|Any CPU
		{B522A104-7C7E-45FB-978E-C064A2F52223}.AppStore|Any CPU.Build.0 = Release|Any CPU
		{B522A104-7C7E-45FB-978E-C064A2F52223}.AppStore|ARM.ActiveCfg = Release|Any CPU
		{B522A104-7C7E-45FB-978E-C064A2F52223}.AppStore|ARM.Build.0 = Release|Any CPU
		{B522A104-7C7E-45FB-978E-C064A2F52223}.AppStore|iPhone.ActiveCfg = Release|Any CPU
		{B522A104-7C7E-45FB-978E-C064A2F52223}.AppStore|iPhone.Build.0 = Release|Any CPU
		{B522A104-7C7E-45FB-978E-C064A2F52223}.AppStore|iPhoneSimulator.ActiveCfg = Release|Any CPU
		{B522A104-7C7E-45FB-978E-C064A2F52223}.AppStore|iPhoneSimulator.Build.0 = Release|Any CPU
		{B522A104-7C7E-45FB-978E-C064A2F52223}.AppStore|x64.ActiveCfg = Release|Any CPU
		{B522A104-7C7E-45FB-978E-C064A2F52223}.AppStore|x64.Build.0 = Release|Any CPU
		{B522A104-7C7E-45FB-978E-C064A2F52223}.AppStore|x86.ActiveCfg = Release|Any CPU
		{B522A104-7C7E-45FB-978E-C064A2F52223}.AppStore|x86.Build.0 = Release|Any CPU
		{B522A104-7C7E-45FB-978E-C064A2F52223}.Debug|Any CPU.ActiveCfg = Debug|Any CPU
		{B522A104-7C7E-45FB-978E-C064A2F52223}.Debug|Any CPU.Build.0 = Debug|Any CPU
		{B522A104-7C7E-45FB-978E-C064A2F52223}.Debug|ARM.ActiveCfg = Debug|Any CPU
		{B522A104-7C7E-45FB-978E-C064A2F52223}.Debug|ARM.Build.0 = Debug|Any CPU
		{B522A104-7C7E-45FB-978E-C064A2F52223}.Debug|iPhone.ActiveCfg = Debug|Any CPU
		{B522A104-7C7E-45FB-978E-C064A2F52223}.Debug|iPhone.Build.0 = Debug|Any CPU
		{B522A104-7C7E-45FB-978E-C064A2F52223}.Debug|iPhoneSimulator.ActiveCfg = Debug|Any CPU
		{B522A104-7C7E-45FB-978E-C064A2F52223}.Debug|iPhoneSimulator.Build.0 = Debug|Any CPU
		{B522A104-7C7E-45FB-978E-C064A2F52223}.Debug|x64.ActiveCfg = Debug|Any CPU
		{B522A104-7C7E-45FB-978E-C064A2F52223}.Debug|x64.Build.0 = Debug|Any CPU
		{B522A104-7C7E-45FB-978E-C064A2F52223}.Debug|x86.ActiveCfg = Debug|Any CPU
		{B522A104-7C7E-45FB-978E-C064A2F52223}.Debug|x86.Build.0 = Debug|Any CPU
		{B522A104-7C7E-45FB-978E-C064A2F52223}.Release|Any CPU.ActiveCfg = Release|Any CPU
		{B522A104-7C7E-45FB-978E-C064A2F52223}.Release|Any CPU.Build.0 = Release|Any CPU
		{B522A104-7C7E-45FB-978E-C064A2F52223}.Release|ARM.ActiveCfg = Release|Any CPU
		{B522A104-7C7E-45FB-978E-C064A2F52223}.Release|ARM.Build.0 = Release|Any CPU
		{B522A104-7C7E-45FB-978E-C064A2F52223}.Release|iPhone.ActiveCfg = Release|Any CPU
		{B522A104-7C7E-45FB-978E-C064A2F52223}.Release|iPhone.Build.0 = Release|Any CPU
		{B522A104-7C7E-45FB-978E-C064A2F52223}.Release|iPhoneSimulator.ActiveCfg = Release|Any CPU
		{B522A104-7C7E-45FB-978E-C064A2F52223}.Release|iPhoneSimulator.Build.0 = Release|Any CPU
		{B522A104-7C7E-45FB-978E-C064A2F52223}.Release|x64.ActiveCfg = Release|Any CPU
		{B522A104-7C7E-45FB-978E-C064A2F52223}.Release|x64.Build.0 = Release|Any CPU
		{B522A104-7C7E-45FB-978E-C064A2F52223}.Release|x86.ActiveCfg = Release|Any CPU
		{B522A104-7C7E-45FB-978E-C064A2F52223}.Release|x86.Build.0 = Release|Any CPU
	EndGlobalSection
	GlobalSection(SolutionProperties) = preSolution
		HideSolutionNode = FALSE
	EndGlobalSection
	GlobalSection(NestedProjects) = preSolution
		{CA2BBD2D-9F60-4E8E-8B35-4E21EFFC0FF3} = {C812FEAA-F0E2-4E62-99E5-6604641B7CCF}
		{1A844430-B69B-4F92-B1C8-CAF2BE83D2C8} = {C812FEAA-F0E2-4E62-99E5-6604641B7CCF}
		{D5764E08-8756-410B-819F-274D61B5D875} = {C812FEAA-F0E2-4E62-99E5-6604641B7CCF}
		{B522A104-7C7E-45FB-978E-C064A2F52223} = {C812FEAA-F0E2-4E62-99E5-6604641B7CCF}
	EndGlobalSection
EndGlobal
