
Microsoft Visual Studio Solution File, Format Version 12.00
# Visual Studio Version 17
VisualStudioVersion = 17.5.33424.131
MinimumVisualStudioVersion = 10.0.40219.1
Project("{9A19103F-16F7-4668-BE54-9A1E7A4F7556}") = "BudgetAnalyser.Engine", "BudgetAnalyser.Engine\BudgetAnalyser.Engine.csproj", "{76909197-E145-402A-9165-003DBBCFD13F}"
EndProject
Project("{9A19103F-16F7-4668-BE54-9A1E7A4F7556}") = "BudgetAnalyser.Encryption", "BudgetAnalyser.Encryption\BudgetAnalyser.Encryption.csproj", "{BAD0A71B-9E7C-4427-AF57-9891F81E8C77}"
EndProject
Project("{FAE04EC0-301F-11D3-BF4B-00C04F79EFBC}") = "BudgetAnalyser.Engine.UnitTest", "BudgetAnalyser.Engine.UnitTest\BudgetAnalyser.Engine.UnitTest.csproj", "{CB87EF5D-33AC-4F71-A10E-84AB87931711}"
EndProject
Global
	GlobalSection(SolutionConfigurationPlatforms) = preSolution
		Ad-Hoc|Any CPU = Ad-Hoc|Any CPU
		Ad-Hoc|ARM = Ad-Hoc|ARM
		Ad-Hoc|iPhone = Ad-Hoc|iPhone
		Ad-Hoc|iPhoneSimulator = Ad-Hoc|iPhoneSimulator
		Ad-Hoc|x64 = Ad-Hoc|x64
		Ad-Hoc|x86 = Ad-Hoc|x86
		AppStore|Any CPU = AppStore|Any CPU
		AppStore|ARM = AppStore|ARM
		AppStore|iPhone = AppStore|iPhone
		AppStore|iPhoneSimulator = AppStore|iPhoneSimulator
		AppStore|x64 = AppStore|x64
		AppStore|x86 = AppStore|x86
		Debug|Any CPU = Debug|Any CPU
		Debug|ARM = Debug|ARM
		Debug|iPhone = Debug|iPhone
		Debug|iPhoneSimulator = Debug|iPhoneSimulator
		Debug|x64 = Debug|x64
		Debug|x86 = Debug|x86
		Release|Any CPU = Release|Any CPU
		Release|ARM = Release|ARM
		Release|iPhone = Release|iPhone
		Release|iPhoneSimulator = Release|iPhoneSimulator
		Release|x64 = Release|x64
		Release|x86 = Release|x86
	EndGlobalSection
	GlobalSection(ProjectConfigurationPlatforms) = postSolution
		{76909197-E145-402A-9165-003DBBCFD13F}.Ad-Hoc|Any CPU.ActiveCfg = Debug|Any CPU
		{76909197-E145-402A-9165-003DBBCFD13F}.Ad-Hoc|Any CPU.Build.0 = Debug|Any CPU
		{76909197-E145-402A-9165-003DBBCFD13F}.Ad-Hoc|ARM.ActiveCfg = Debug|Any CPU
		{76909197-E145-402A-9165-003DBBCFD13F}.Ad-Hoc|ARM.Build.0 = Debug|Any CPU
		{76909197-E145-402A-9165-003DBBCFD13F}.Ad-Hoc|iPhone.ActiveCfg = Debug|Any CPU
		{76909197-E145-402A-9165-003DBBCFD13F}.Ad-Hoc|iPhone.Build.0 = Debug|Any CPU
		{76909197-E145-402A-9165-003DBBCFD13F}.Ad-Hoc|iPhoneSimulator.ActiveCfg = Debug|Any CPU
		{76909197-E145-402A-9165-003DBBCFD13F}.Ad-Hoc|iPhoneSimulator.Build.0 = Debug|Any CPU
		{76909197-E145-402A-9165-003DBBCFD13F}.Ad-Hoc|x64.ActiveCfg = Debug|Any CPU
		{76909197-E145-402A-9165-003DBBCFD13F}.Ad-Hoc|x64.Build.0 = Debug|Any CPU
		{76909197-E145-402A-9165-003DBBCFD13F}.Ad-Hoc|x86.ActiveCfg = Debug|Any CPU
		{76909197-E145-402A-9165-003DBBCFD13F}.Ad-Hoc|x86.Build.0 = Debug|Any CPU
		{76909197-E145-402A-9165-003DBBCFD13F}.AppStore|Any CPU.ActiveCfg = Debug|Any CPU
		{76909197-E145-402A-9165-003DBBCFD13F}.AppStore|Any CPU.Build.0 = Debug|Any CPU
		{76909197-E145-402A-9165-003DBBCFD13F}.AppStore|ARM.ActiveCfg = Debug|Any CPU
		{76909197-E145-402A-9165-003DBBCFD13F}.AppStore|ARM.Build.0 = Debug|Any CPU
		{76909197-E145-402A-9165-003DBBCFD13F}.AppStore|iPhone.ActiveCfg = Debug|Any CPU
		{76909197-E145-402A-9165-003DBBCFD13F}.AppStore|iPhone.Build.0 = Debug|Any CPU
		{76909197-E145-402A-9165-003DBBCFD13F}.AppStore|iPhoneSimulator.ActiveCfg = Debug|Any CPU
		{76909197-E145-402A-9165-003DBBCFD13F}.AppStore|iPhoneSimulator.Build.0 = Debug|Any CPU
		{76909197-E145-402A-9165-003DBBCFD13F}.AppStore|x64.ActiveCfg = Debug|Any CPU
		{76909197-E145-402A-9165-003DBBCFD13F}.AppStore|x64.Build.0 = Debug|Any CPU
		{76909197-E145-402A-9165-003DBBCFD13F}.AppStore|x86.ActiveCfg = Debug|Any CPU
		{76909197-E145-402A-9165-003DBBCFD13F}.AppStore|x86.Build.0 = Debug|Any CPU
		{76909197-E145-402A-9165-003DBBCFD13F}.Debug|Any CPU.ActiveCfg = Debug|Any CPU
		{76909197-E145-402A-9165-003DBBCFD13F}.Debug|Any CPU.Build.0 = Debug|Any CPU
		{76909197-E145-402A-9165-003DBBCFD13F}.Debug|ARM.ActiveCfg = Debug|Any CPU
		{76909197-E145-402A-9165-003DBBCFD13F}.Debug|ARM.Build.0 = Debug|Any CPU
		{76909197-E145-402A-9165-003DBBCFD13F}.Debug|iPhone.ActiveCfg = Debug|Any CPU
		{76909197-E145-402A-9165-003DBBCFD13F}.Debug|iPhone.Build.0 = Debug|Any CPU
		{76909197-E145-402A-9165-003DBBCFD13F}.Debug|iPhoneSimulator.ActiveCfg = Debug|Any CPU
		{76909197-E145-402A-9165-003DBBCFD13F}.Debug|iPhoneSimulator.Build.0 = Debug|Any CPU
		{76909197-E145-402A-9165-003DBBCFD13F}.Debug|x64.ActiveCfg = Debug|Any CPU
		{76909197-E145-402A-9165-003DBBCFD13F}.Debug|x64.Build.0 = Debug|Any CPU
		{76909197-E145-402A-9165-003DBBCFD13F}.Debug|x86.ActiveCfg = Debug|Any CPU
		{76909197-E145-402A-9165-003DBBCFD13F}.Debug|x86.Build.0 = Debug|Any CPU
		{76909197-E145-402A-9165-003DBBCFD13F}.Release|Any CPU.ActiveCfg = Release|Any CPU
		{76909197-E145-402A-9165-003DBBCFD13F}.Release|Any CPU.Build.0 = Release|Any CPU
		{76909197-E145-402A-9165-003DBBCFD13F}.Release|ARM.ActiveCfg = Release|Any CPU
		{76909197-E145-402A-9165-003DBBCFD13F}.Release|ARM.Build.0 = Release|Any CPU
		{76909197-E145-402A-9165-003DBBCFD13F}.Release|iPhone.ActiveCfg = Release|Any CPU
		{76909197-E145-402A-9165-003DBBCFD13F}.Release|iPhone.Build.0 = Release|Any CPU
		{76909197-E145-402A-9165-003DBBCFD13F}.Release|iPhoneSimulator.ActiveCfg = Release|Any CPU
		{76909197-E145-402A-9165-003DBBCFD13F}.Release|iPhoneSimulator.Build.0 = Release|Any CPU
		{76909197-E145-402A-9165-003DBBCFD13F}.Release|x64.ActiveCfg = Release|Any CPU
		{76909197-E145-402A-9165-003DBBCFD13F}.Release|x64.Build.0 = Release|Any CPU
		{76909197-E145-402A-9165-003DBBCFD13F}.Release|x86.ActiveCfg = Release|Any CPU
		{76909197-E145-402A-9165-003DBBCFD13F}.Release|x86.Build.0 = Release|Any CPU
		{BAD0A71B-9E7C-4427-AF57-9891F81E8C77}.Ad-Hoc|Any CPU.ActiveCfg = Debug|Any CPU
		{BAD0A71B-9E7C-4427-AF57-9891F81E8C77}.Ad-Hoc|Any CPU.Build.0 = Debug|Any CPU
		{BAD0A71B-9E7C-4427-AF57-9891F81E8C77}.Ad-Hoc|ARM.ActiveCfg = Debug|Any CPU
		{BAD0A71B-9E7C-4427-AF57-9891F81E8C77}.Ad-Hoc|ARM.Build.0 = Debug|Any CPU
		{BAD0A71B-9E7C-4427-AF57-9891F81E8C77}.Ad-Hoc|iPhone.ActiveCfg = Debug|Any CPU
		{BAD0A71B-9E7C-4427-AF57-9891F81E8C77}.Ad-Hoc|iPhone.Build.0 = Debug|Any CPU
		{BAD0A71B-9E7C-4427-AF57-9891F81E8C77}.Ad-Hoc|iPhoneSimulator.ActiveCfg = Debug|Any CPU
		{BAD0A71B-9E7C-4427-AF57-9891F81E8C77}.Ad-Hoc|iPhoneSimulator.Build.0 = Debug|Any CPU
		{BAD0A71B-9E7C-4427-AF57-9891F81E8C77}.Ad-Hoc|x64.ActiveCfg = Debug|Any CPU
		{BAD0A71B-9E7C-4427-AF57-9891F81E8C77}.Ad-Hoc|x64.Build.0 = Debug|Any CPU
		{BAD0A71B-9E7C-4427-AF57-9891F81E8C77}.Ad-Hoc|x86.ActiveCfg = Debug|Any CPU
		{BAD0A71B-9E7C-4427-AF57-9891F81E8C77}.Ad-Hoc|x86.Build.0 = Debug|Any CPU
		{BAD0A71B-9E7C-4427-AF57-9891F81E8C77}.AppStore|Any CPU.ActiveCfg = Debug|Any CPU
		{BAD0A71B-9E7C-4427-AF57-9891F81E8C77}.AppStore|Any CPU.Build.0 = Debug|Any CPU
		{BAD0A71B-9E7C-4427-AF57-9891F81E8C77}.AppStore|ARM.ActiveCfg = Debug|Any CPU
		{BAD0A71B-9E7C-4427-AF57-9891F81E8C77}.AppStore|ARM.Build.0 = Debug|Any CPU
		{BAD0A71B-9E7C-4427-AF57-9891F81E8C77}.AppStore|iPhone.ActiveCfg = Debug|Any CPU
		{BAD0A71B-9E7C-4427-AF57-9891F81E8C77}.AppStore|iPhone.Build.0 = Debug|Any CPU
		{BAD0A71B-9E7C-4427-AF57-9891F81E8C77}.AppStore|iPhoneSimulator.ActiveCfg = Debug|Any CPU
		{BAD0A71B-9E7C-4427-AF57-9891F81E8C77}.AppStore|iPhoneSimulator.Build.0 = Debug|Any CPU
		{BAD0A71B-9E7C-4427-AF57-9891F81E8C77}.AppStore|x64.ActiveCfg = Debug|Any CPU
		{BAD0A71B-9E7C-4427-AF57-9891F81E8C77}.AppStore|x64.Build.0 = Debug|Any CPU
		{BAD0A71B-9E7C-4427-AF57-9891F81E8C77}.AppStore|x86.ActiveCfg = Debug|Any CPU
		{BAD0A71B-9E7C-4427-AF57-9891F81E8C77}.AppStore|x86.Build.0 = Debug|Any CPU
		{BAD0A71B-9E7C-4427-AF57-9891F81E8C77}.Debug|Any CPU.ActiveCfg = Debug|Any CPU
		{BAD0A71B-9E7C-4427-AF57-9891F81E8C77}.Debug|Any CPU.Build.0 = Debug|Any CPU
		{BAD0A71B-9E7C-4427-AF57-9891F81E8C77}.Debug|ARM.ActiveCfg = Debug|Any CPU
		{BAD0A71B-9E7C-4427-AF57-9891F81E8C77}.Debug|ARM.Build.0 = Debug|Any CPU
		{BAD0A71B-9E7C-4427-AF57-9891F81E8C77}.Debug|iPhone.ActiveCfg = Debug|Any CPU
		{BAD0A71B-9E7C-4427-AF57-9891F81E8C77}.Debug|iPhone.Build.0 = Debug|Any CPU
		{BAD0A71B-9E7C-4427-AF57-9891F81E8C77}.Debug|iPhoneSimulator.ActiveCfg = Debug|Any CPU
		{BAD0A71B-9E7C-4427-AF57-9891F81E8C77}.Debug|iPhoneSimulator.Build.0 = Debug|Any CPU
		{BAD0A71B-9E7C-4427-AF57-9891F81E8C77}.Debug|x64.ActiveCfg = Debug|Any CPU
		{BAD0A71B-9E7C-4427-AF57-9891F81E8C77}.Debug|x64.Build.0 = Debug|Any CPU
		{BAD0A71B-9E7C-4427-AF57-9891F81E8C77}.Debug|x86.ActiveCfg = Debug|Any CPU
		{BAD0A71B-9E7C-4427-AF57-9891F81E8C77}.Debug|x86.Build.0 = Debug|Any CPU
		{BAD0A71B-9E7C-4427-AF57-9891F81E8C77}.Release|Any CPU.ActiveCfg = Release|Any CPU
		{BAD0A71B-9E7C-4427-AF57-9891F81E8C77}.Release|Any CPU.Build.0 = Release|Any CPU
		{BAD0A71B-9E7C-4427-AF57-9891F81E8C77}.Release|ARM.ActiveCfg = Release|Any CPU
		{BAD0A71B-9E7C-4427-AF57-9891F81E8C77}.Release|ARM.Build.0 = Release|Any CPU
		{BAD0A71B-9E7C-4427-AF57-9891F81E8C77}.Release|iPhone.ActiveCfg = Release|Any CPU
		{BAD0A71B-9E7C-4427-AF57-9891F81E8C77}.Release|iPhone.Build.0 = Release|Any CPU
		{BAD0A71B-9E7C-4427-AF57-9891F81E8C77}.Release|iPhoneSimulator.ActiveCfg = Release|Any CPU
		{BAD0A71B-9E7C-4427-AF57-9891F81E8C77}.Release|iPhoneSimulator.Build.0 = Release|Any CPU
		{BAD0A71B-9E7C-4427-AF57-9891F81E8C77}.Release|x64.ActiveCfg = Release|Any CPU
		{BAD0A71B-9E7C-4427-AF57-9891F81E8C77}.Release|x64.Build.0 = Release|Any CPU
		{BAD0A71B-9E7C-4427-AF57-9891F81E8C77}.Release|x86.ActiveCfg = Release|Any CPU
		{BAD0A71B-9E7C-4427-AF57-9891F81E8C77}.Release|x86.Build.0 = Release|Any CPU
		{CB87EF5D-33AC-4F71-A10E-84AB87931711}.Ad-Hoc|Any CPU.ActiveCfg = Debug|Any CPU
		{CB87EF5D-33AC-4F71-A10E-84AB87931711}.Ad-Hoc|Any CPU.Build.0 = Debug|Any CPU
		{CB87EF5D-33AC-4F71-A10E-84AB87931711}.Ad-Hoc|ARM.ActiveCfg = Debug|Any CPU
		{CB87EF5D-33AC-4F71-A10E-84AB87931711}.Ad-Hoc|ARM.Build.0 = Debug|Any CPU
		{CB87EF5D-33AC-4F71-A10E-84AB87931711}.Ad-Hoc|iPhone.ActiveCfg = Debug|Any CPU
		{CB87EF5D-33AC-4F71-A10E-84AB87931711}.Ad-Hoc|iPhone.Build.0 = Debug|Any CPU
		{CB87EF5D-33AC-4F71-A10E-84AB87931711}.Ad-Hoc|iPhoneSimulator.ActiveCfg = Debug|Any CPU
		{CB87EF5D-33AC-4F71-A10E-84AB87931711}.Ad-Hoc|iPhoneSimulator.Build.0 = Debug|Any CPU
		{CB87EF5D-33AC-4F71-A10E-84AB87931711}.Ad-Hoc|x64.ActiveCfg = Debug|Any CPU
		{CB87EF5D-33AC-4F71-A10E-84AB87931711}.Ad-Hoc|x64.Build.0 = Debug|Any CPU
		{CB87EF5D-33AC-4F71-A10E-84AB87931711}.Ad-Hoc|x86.ActiveCfg = Debug|Any CPU
		{CB87EF5D-33AC-4F71-A10E-84AB87931711}.Ad-Hoc|x86.Build.0 = Debug|Any CPU
		{CB87EF5D-33AC-4F71-A10E-84AB87931711}.AppStore|Any CPU.ActiveCfg = Debug|Any CPU
		{CB87EF5D-33AC-4F71-A10E-84AB87931711}.AppStore|Any CPU.Build.0 = Debug|Any CPU
		{CB87EF5D-33AC-4F71-A10E-84AB87931711}.AppStore|ARM.ActiveCfg = Debug|Any CPU
		{CB87EF5D-33AC-4F71-A10E-84AB87931711}.AppStore|ARM.Build.0 = Debug|Any CPU
		{CB87EF5D-33AC-4F71-A10E-84AB87931711}.AppStore|iPhone.ActiveCfg = Debug|Any CPU
		{CB87EF5D-33AC-4F71-A10E-84AB87931711}.AppStore|iPhone.Build.0 = Debug|Any CPU
		{CB87EF5D-33AC-4F71-A10E-84AB87931711}.AppStore|iPhoneSimulator.ActiveCfg = Debug|Any CPU
		{CB87EF5D-33AC-4F71-A10E-84AB87931711}.AppStore|iPhoneSimulator.Build.0 = Debug|Any CPU
		{CB87EF5D-33AC-4F71-A10E-84AB87931711}.AppStore|x64.ActiveCfg = Debug|Any CPU
		{CB87EF5D-33AC-4F71-A10E-84AB87931711}.AppStore|x64.Build.0 = Debug|Any CPU
		{CB87EF5D-33AC-4F71-A10E-84AB87931711}.AppStore|x86.ActiveCfg = Debug|Any CPU
		{CB87EF5D-33AC-4F71-A10E-84AB87931711}.AppStore|x86.Build.0 = Debug|Any CPU
		{CB87EF5D-33AC-4F71-A10E-84AB87931711}.Debug|Any CPU.ActiveCfg = Debug|Any CPU
		{CB87EF5D-33AC-4F71-A10E-84AB87931711}.Debug|Any CPU.Build.0 = Debug|Any CPU
		{CB87EF5D-33AC-4F71-A10E-84AB87931711}.Debug|ARM.ActiveCfg = Debug|Any CPU
		{CB87EF5D-33AC-4F71-A10E-84AB87931711}.Debug|ARM.Build.0 = Debug|Any CPU
		{CB87EF5D-33AC-4F71-A10E-84AB87931711}.Debug|iPhone.ActiveCfg = Debug|Any CPU
		{CB87EF5D-33AC-4F71-A10E-84AB87931711}.Debug|iPhone.Build.0 = Debug|Any CPU
		{CB87EF5D-33AC-4F71-A10E-84AB87931711}.Debug|iPhoneSimulator.ActiveCfg = Debug|Any CPU
		{CB87EF5D-33AC-4F71-A10E-84AB87931711}.Debug|iPhoneSimulator.Build.0 = Debug|Any CPU
		{CB87EF5D-33AC-4F71-A10E-84AB87931711}.Debug|x64.ActiveCfg = Debug|Any CPU
		{CB87EF5D-33AC-4F71-A10E-84AB87931711}.Debug|x64.Build.0 = Debug|Any CPU
		{CB87EF5D-33AC-4F71-A10E-84AB87931711}.Debug|x86.ActiveCfg = Debug|Any CPU
		{CB87EF5D-33AC-4F71-A10E-84AB87931711}.Debug|x86.Build.0 = Debug|Any CPU
		{CB87EF5D-33AC-4F71-A10E-84AB87931711}.Release|Any CPU.ActiveCfg = Release|Any CPU
		{CB87EF5D-33AC-4F71-A10E-84AB87931711}.Release|Any CPU.Build.0 = Release|Any CPU
		{CB87EF5D-33AC-4F71-A10E-84AB87931711}.Release|ARM.ActiveCfg = Release|Any CPU
		{CB87EF5D-33AC-4F71-A10E-84AB87931711}.Release|ARM.Build.0 = Release|Any CPU
		{CB87EF5D-33AC-4F71-A10E-84AB87931711}.Release|iPhone.ActiveCfg = Release|Any CPU
		{CB87EF5D-33AC-4F71-A10E-84AB87931711}.Release|iPhone.Build.0 = Release|Any CPU
		{CB87EF5D-33AC-4F71-A10E-84AB87931711}.Release|iPhoneSimulator.ActiveCfg = Release|Any CPU
		{CB87EF5D-33AC-4F71-A10E-84AB87931711}.Release|iPhoneSimulator.Build.0 = Release|Any CPU
		{CB87EF5D-33AC-4F71-A10E-84AB87931711}.Release|x64.ActiveCfg = Release|Any CPU
		{CB87EF5D-33AC-4F71-A10E-84AB87931711}.Release|x64.Build.0 = Release|Any CPU
		{CB87EF5D-33AC-4F71-A10E-84AB87931711}.Release|x86.ActiveCfg = Release|Any CPU
		{CB87EF5D-33AC-4F71-A10E-84AB87931711}.Release|x86.Build.0 = Release|Any CPU
	EndGlobalSection
	GlobalSection(SolutionProperties) = preSolution
		HideSolutionNode = FALSE
	EndGlobalSection
	GlobalSection(ExtensibilityGlobals) = postSolution
		SolutionGuid = {8AEE15F8-63E2-417A-B9F9-BC5DF1E8F404}
	EndGlobalSection
EndGlobal
